// !$*UTF8*$!
{
	archiveVersion = 1;
	classes = {
	};
	objectVersion = 46;
	objects = {

/* Begin PBXBuildFile section */
		1AC6FB21180E996B004C840B /* libcocos2d Mac.a in Frameworks */ = {isa = PBXBuildFile; fileRef = 1AC6FAF9180E9839004C840B /* libcocos2d Mac.a */; };
		1AC6FB30180E99EB004C840B /* libcocos2d iOS.a in Frameworks */ = {isa = PBXBuildFile; fileRef = 1AC6FB07180E9839004C840B /* libcocos2d iOS.a */; };
		1D60589F0D05DD5A006BFB54 /* Foundation.framework in Frameworks */ = {isa = PBXBuildFile; fileRef = 1D30AB110D05D00D00671497 /* Foundation.framework */; };
		1DF5F4E00D08C38300B7A737 /* UIKit.framework in Frameworks */ = {isa = PBXBuildFile; fileRef = 1DF5F4DF0D08C38300B7A737 /* UIKit.framework */; };
		288765A50DF7441C002DB57D /* CoreGraphics.framework in Frameworks */ = {isa = PBXBuildFile; fileRef = 288765A40DF7441C002DB57D /* CoreGraphics.framework */; };
		294D0D641D0D56D500F7F5D4 /* CoreText.framework in Frameworks */ = {isa = PBXBuildFile; fileRef = 294D0D631D0D56D500F7F5D4 /* CoreText.framework */; };
		3EACC98F19EE6D4300EB3C5E /* res in Resources */ = {isa = PBXBuildFile; fileRef = 3EACC98E19EE6D4300EB3C5E /* res */; };
		3EACC99019EE6D4300EB3C5E /* res in Resources */ = {isa = PBXBuildFile; fileRef = 3EACC98E19EE6D4300EB3C5E /* res */; };
		454B170E1E2F39280035467D /* platforms in Resources */ = {isa = PBXBuildFile; fileRef = 454B170B1E2F39280035467D /* platforms */; };
		454B170F1E2F39280035467D /* platforms in Resources */ = {isa = PBXBuildFile; fileRef = 454B170B1E2F39280035467D /* platforms */; };
		454B17121E2FC6D30035467D /* backgrounds in Resources */ = {isa = PBXBuildFile; fileRef = 454B17111E2FC6D30035467D /* backgrounds */; };
		454B17131E2FC6D30035467D /* backgrounds in Resources */ = {isa = PBXBuildFile; fileRef = 454B17111E2FC6D30035467D /* backgrounds */; };
		46880B8819C43A87006E1F66 /* AppDelegate.cpp in Sources */ = {isa = PBXBuildFile; fileRef = 46880B8419C43A87006E1F66 /* AppDelegate.cpp */; };
		46880B8919C43A87006E1F66 /* AppDelegate.cpp in Sources */ = {isa = PBXBuildFile; fileRef = 46880B8419C43A87006E1F66 /* AppDelegate.cpp */; };
		46880B8A19C43A87006E1F66 /* MainGameScene.cpp in Sources */ = {isa = PBXBuildFile; fileRef = 46880B8619C43A87006E1F66 /* MainGameScene.cpp */; };
		46880B8B19C43A87006E1F66 /* MainGameScene.cpp in Sources */ = {isa = PBXBuildFile; fileRef = 46880B8619C43A87006E1F66 /* MainGameScene.cpp */; };
		503AE0F817EB97AB00D1A890 /* Icon.icns in Resources */ = {isa = PBXBuildFile; fileRef = 503AE0F617EB97AB00D1A890 /* Icon.icns */; };
		503AE10017EB989F00D1A890 /* AppController.mm in Sources */ = {isa = PBXBuildFile; fileRef = 503AE0FB17EB989F00D1A890 /* AppController.mm */; };
		503AE10117EB989F00D1A890 /* main.m in Sources */ = {isa = PBXBuildFile; fileRef = 503AE0FC17EB989F00D1A890 /* main.m */; };
		503AE10217EB989F00D1A890 /* RootViewController.mm in Sources */ = {isa = PBXBuildFile; fileRef = 503AE0FF17EB989F00D1A890 /* RootViewController.mm */; };
		503AE10517EB98FF00D1A890 /* main.cpp in Sources */ = {isa = PBXBuildFile; fileRef = 503AE10317EB98FF00D1A890 /* main.cpp */; };
		503AE11B17EB9C5A00D1A890 /* IOKit.framework in Frameworks */ = {isa = PBXBuildFile; fileRef = 503AE11A17EB9C5A00D1A890 /* IOKit.framework */; };
		5087E76317EB910900C73F5D /* Foundation.framework in Frameworks */ = {isa = PBXBuildFile; fileRef = 1D30AB110D05D00D00671497 /* Foundation.framework */; };
		5087E76717EB910900C73F5D /* libz.dylib in Frameworks */ = {isa = PBXBuildFile; fileRef = BF170DB412928DE900B8313A /* libz.dylib */; };
		5087E76817EB910900C73F5D /* QuartzCore.framework in Frameworks */ = {isa = PBXBuildFile; fileRef = BF1C47EA1293683800B63C5D /* QuartzCore.framework */; };
		5087E76917EB910900C73F5D /* OpenAL.framework in Frameworks */ = {isa = PBXBuildFile; fileRef = D44C620B132DFF330009C878 /* OpenAL.framework */; };
		5087E76A17EB910900C73F5D /* AVFoundation.framework in Frameworks */ = {isa = PBXBuildFile; fileRef = D44C620D132DFF430009C878 /* AVFoundation.framework */; };
		5087E76B17EB910900C73F5D /* AudioToolbox.framework in Frameworks */ = {isa = PBXBuildFile; fileRef = D44C620F132DFF4E0009C878 /* AudioToolbox.framework */; };
		5087E77D17EB970100C73F5D /* Default-568h@2x.png in Resources */ = {isa = PBXBuildFile; fileRef = 5087E77217EB970100C73F5D /* Default-568h@2x.png */; };
		5087E77E17EB970100C73F5D /* Default.png in Resources */ = {isa = PBXBuildFile; fileRef = 5087E77317EB970100C73F5D /* Default.png */; };
		5087E77F17EB970100C73F5D /* Default@2x.png in Resources */ = {isa = PBXBuildFile; fileRef = 5087E77417EB970100C73F5D /* Default@2x.png */; };
		5087E78017EB970100C73F5D /* Icon-114.png in Resources */ = {isa = PBXBuildFile; fileRef = 5087E77517EB970100C73F5D /* Icon-114.png */; };
		5087E78117EB970100C73F5D /* Icon-120.png in Resources */ = {isa = PBXBuildFile; fileRef = 5087E77617EB970100C73F5D /* Icon-120.png */; };
		5087E78217EB970100C73F5D /* Icon-144.png in Resources */ = {isa = PBXBuildFile; fileRef = 5087E77717EB970100C73F5D /* Icon-144.png */; };
		5087E78317EB970100C73F5D /* Icon-152.png in Resources */ = {isa = PBXBuildFile; fileRef = 5087E77817EB970100C73F5D /* Icon-152.png */; };
		5087E78417EB970100C73F5D /* Icon-57.png in Resources */ = {isa = PBXBuildFile; fileRef = 5087E77917EB970100C73F5D /* Icon-57.png */; };
		5087E78517EB970100C73F5D /* Icon-72.png in Resources */ = {isa = PBXBuildFile; fileRef = 5087E77A17EB970100C73F5D /* Icon-72.png */; };
		5087E78617EB970100C73F5D /* Icon-76.png in Resources */ = {isa = PBXBuildFile; fileRef = 5087E77B17EB970100C73F5D /* Icon-76.png */; };
		5087E78917EB974C00C73F5D /* AppKit.framework in Frameworks */ = {isa = PBXBuildFile; fileRef = 5087E78817EB974C00C73F5D /* AppKit.framework */; };
		5087E78B17EB975400C73F5D /* OpenGL.framework in Frameworks */ = {isa = PBXBuildFile; fileRef = 5087E78A17EB975400C73F5D /* OpenGL.framework */; };
		50EF629617ECD46A001EB2F8 /* Icon-40.png in Resources */ = {isa = PBXBuildFile; fileRef = 50EF629217ECD46A001EB2F8 /* Icon-40.png */; };
		50EF629717ECD46A001EB2F8 /* Icon-58.png in Resources */ = {isa = PBXBuildFile; fileRef = 50EF629317ECD46A001EB2F8 /* Icon-58.png */; };
		50EF629817ECD46A001EB2F8 /* Icon-80.png in Resources */ = {isa = PBXBuildFile; fileRef = 50EF629417ECD46A001EB2F8 /* Icon-80.png */; };
		50EF629917ECD46A001EB2F8 /* Icon-100.png in Resources */ = {isa = PBXBuildFile; fileRef = 50EF629517ECD46A001EB2F8 /* Icon-100.png */; };
		50EF62A217ECD613001EB2F8 /* Icon-29.png in Resources */ = {isa = PBXBuildFile; fileRef = 50EF62A017ECD613001EB2F8 /* Icon-29.png */; };
		50EF62A317ECD613001EB2F8 /* Icon-50.png in Resources */ = {isa = PBXBuildFile; fileRef = 50EF62A117ECD613001EB2F8 /* Icon-50.png */; };
		521A8E6419F0C34300D177D7 /* Default-667h@2x.png in Resources */ = {isa = PBXBuildFile; fileRef = 521A8E6219F0C34300D177D7 /* Default-667h@2x.png */; };
		521A8E6519F0C34300D177D7 /* Default-736h@3x.png in Resources */ = {isa = PBXBuildFile; fileRef = 521A8E6319F0C34300D177D7 /* Default-736h@3x.png */; };
		521A8EA919F11F5000D177D7 /* fonts in Resources */ = {isa = PBXBuildFile; fileRef = 521A8EA819F11F5000D177D7 /* fonts */; };
		521A8EAA19F11F5000D177D7 /* fonts in Resources */ = {isa = PBXBuildFile; fileRef = 521A8EA819F11F5000D177D7 /* fonts */; };
		52B47A471A53D09C004E4C60 /* Security.framework in Frameworks */ = {isa = PBXBuildFile; fileRef = 52B47A461A53D09B004E4C60 /* Security.framework */; };
		8262943E1AAF051F00CB7CF7 /* Security.framework in Frameworks */ = {isa = PBXBuildFile; fileRef = 8262943D1AAF051F00CB7CF7 /* Security.framework */; };
		9F15D9181E5FD4D300F77DF6 /* Boulder.cpp in Sources */ = {isa = PBXBuildFile; fileRef = 9F15D9161E5FD4D300F77DF6 /* Boulder.cpp */; };
		9F15D9191E5FD4D300F77DF6 /* Boulder.cpp in Sources */ = {isa = PBXBuildFile; fileRef = 9F15D9161E5FD4D300F77DF6 /* Boulder.cpp */; };
		9F15D91A1E5FD4D300F77DF6 /* Boulder.cpp in Sources */ = {isa = PBXBuildFile; fileRef = 9F15D9161E5FD4D300F77DF6 /* Boulder.cpp */; };
		9F16FC001E54CC5F00D9DBCA /* Monkey.cpp in Sources */ = {isa = PBXBuildFile; fileRef = 9F16FBFE1E54CC5F00D9DBCA /* Monkey.cpp */; };
		9F16FC011E54CC5F00D9DBCA /* Monkey.cpp in Sources */ = {isa = PBXBuildFile; fileRef = 9F16FBFE1E54CC5F00D9DBCA /* Monkey.cpp */; };
		9F16FC021E54CC5F00D9DBCA /* Monkey.cpp in Sources */ = {isa = PBXBuildFile; fileRef = 9F16FBFE1E54CC5F00D9DBCA /* Monkey.cpp */; };
		9F16FC061E54CCA500D9DBCA /* Monk.cpp in Sources */ = {isa = PBXBuildFile; fileRef = 9F16FC041E54CCA500D9DBCA /* Monk.cpp */; };
		9F16FC071E54CCA500D9DBCA /* Monk.cpp in Sources */ = {isa = PBXBuildFile; fileRef = 9F16FC041E54CCA500D9DBCA /* Monk.cpp */; };
		9F16FC081E54CCA500D9DBCA /* Monk.cpp in Sources */ = {isa = PBXBuildFile; fileRef = 9F16FC041E54CCA500D9DBCA /* Monk.cpp */; };
		9F16FC0B1E54CCC200D9DBCA /* Sandy.cpp in Sources */ = {isa = PBXBuildFile; fileRef = 9F16FC091E54CCC200D9DBCA /* Sandy.cpp */; };
		9F16FC0C1E54CCC200D9DBCA /* Sandy.cpp in Sources */ = {isa = PBXBuildFile; fileRef = 9F16FC091E54CCC200D9DBCA /* Sandy.cpp */; };
		9F16FC0D1E54CCC200D9DBCA /* Sandy.cpp in Sources */ = {isa = PBXBuildFile; fileRef = 9F16FC091E54CCC200D9DBCA /* Sandy.cpp */; };
		9F16FC101E54CCDB00D9DBCA /* Piggy.cpp in Sources */ = {isa = PBXBuildFile; fileRef = 9F16FC0E1E54CCDB00D9DBCA /* Piggy.cpp */; };
		9F16FC111E54CCDB00D9DBCA /* Piggy.cpp in Sources */ = {isa = PBXBuildFile; fileRef = 9F16FC0E1E54CCDB00D9DBCA /* Piggy.cpp */; };
		9F16FC121E54CCDB00D9DBCA /* Piggy.cpp in Sources */ = {isa = PBXBuildFile; fileRef = 9F16FC0E1E54CCDB00D9DBCA /* Piggy.cpp */; };
		9F192EB71E5B634A001FE88A /* Vine.cpp in Sources */ = {isa = PBXBuildFile; fileRef = 9F192EB51E5B634A001FE88A /* Vine.cpp */; };
		9F192EB81E5B634A001FE88A /* Vine.cpp in Sources */ = {isa = PBXBuildFile; fileRef = 9F192EB51E5B634A001FE88A /* Vine.cpp */; };
		9F192EB91E5B634A001FE88A /* Vine.cpp in Sources */ = {isa = PBXBuildFile; fileRef = 9F192EB51E5B634A001FE88A /* Vine.cpp */; };
		9F192EBC1E5B6DA7001FE88A /* vine3.png in Resources */ = {isa = PBXBuildFile; fileRef = 9F192EBB1E5B6DA7001FE88A /* vine3.png */; };
		9F192EBD1E5B6DA7001FE88A /* vine3.png in Resources */ = {isa = PBXBuildFile; fileRef = 9F192EBB1E5B6DA7001FE88A /* vine3.png */; };
		9F192EBE1E5B6DA7001FE88A /* vine3.png in Resources */ = {isa = PBXBuildFile; fileRef = 9F192EBB1E5B6DA7001FE88A /* vine3.png */; };
		9F192EC01E5B8900001FE88A /* cage1.png in Resources */ = {isa = PBXBuildFile; fileRef = 9F192EBF1E5B8900001FE88A /* cage1.png */; };
		9F192EC11E5B8900001FE88A /* cage1.png in Resources */ = {isa = PBXBuildFile; fileRef = 9F192EBF1E5B8900001FE88A /* cage1.png */; };
		9F192EC21E5B8900001FE88A /* cage1.png in Resources */ = {isa = PBXBuildFile; fileRef = 9F192EBF1E5B8900001FE88A /* cage1.png */; };
		9F666E461E30201C00F9BB90 /* AiAgent.cpp in Sources */ = {isa = PBXBuildFile; fileRef = 9F666E451E30201C00F9BB90 /* AiAgent.cpp */; };
		9F666E471E30201C00F9BB90 /* AiAgent.cpp in Sources */ = {isa = PBXBuildFile; fileRef = 9F666E451E30201C00F9BB90 /* AiAgent.cpp */; };
		9F666E481E30201C00F9BB90 /* AiAgent.cpp in Sources */ = {isa = PBXBuildFile; fileRef = 9F666E451E30201C00F9BB90 /* AiAgent.cpp */; };
		9F666E581E31D89500F9BB90 /* AiAgentBehaviors.cpp in Sources */ = {isa = PBXBuildFile; fileRef = 9F666E571E31D89500F9BB90 /* AiAgentBehaviors.cpp */; };
		9F666E591E31D89500F9BB90 /* AiAgentBehaviors.cpp in Sources */ = {isa = PBXBuildFile; fileRef = 9F666E571E31D89500F9BB90 /* AiAgentBehaviors.cpp */; };
		9F666E5A1E31D89500F9BB90 /* AiAgentBehaviors.cpp in Sources */ = {isa = PBXBuildFile; fileRef = 9F666E571E31D89500F9BB90 /* AiAgentBehaviors.cpp */; };
		9F666E6C1E329BF000F9BB90 /* backgrounds in Resources */ = {isa = PBXBuildFile; fileRef = 454B17111E2FC6D30035467D /* backgrounds */; };
		9F666E6E1E329BF200F9BB90 /* platforms in Resources */ = {isa = PBXBuildFile; fileRef = 454B170B1E2F39280035467D /* platforms */; };
		9F8E654D1E3BB3C60058958F /* Platform.cpp in Sources */ = {isa = PBXBuildFile; fileRef = 9FC4C2ED1E39293F00ABD648 /* Platform.cpp */; };
		9F8E656F1E3DA0060058958F /* MoveablePlatform.cpp in Sources */ = {isa = PBXBuildFile; fileRef = 9F8E656D1E3DA0060058958F /* MoveablePlatform.cpp */; };
		9F8E65701E3DA0060058958F /* MoveablePlatform.cpp in Sources */ = {isa = PBXBuildFile; fileRef = 9F8E656D1E3DA0060058958F /* MoveablePlatform.cpp */; };
		9F8E65711E3DA0060058958F /* MoveablePlatform.cpp in Sources */ = {isa = PBXBuildFile; fileRef = 9F8E656D1E3DA0060058958F /* MoveablePlatform.cpp */; };
		9F98AF911E2C99E2009559C7 /* Viewpoint.cpp in Sources */ = {isa = PBXBuildFile; fileRef = 9F98AF8F1E2C99E2009559C7 /* Viewpoint.cpp */; };
		9F98AF921E2C99E2009559C7 /* Viewpoint.cpp in Sources */ = {isa = PBXBuildFile; fileRef = 9F98AF8F1E2C99E2009559C7 /* Viewpoint.cpp */; };
		9FB69DD51E459AA4006325A3 /* Platform.cpp in Sources */ = {isa = PBXBuildFile; fileRef = 9FC4C2ED1E39293F00ABD648 /* Platform.cpp */; };
		9FB69DDB1E459B90006325A3 /* Character.cpp in Sources */ = {isa = PBXBuildFile; fileRef = 9FB69DD91E459B90006325A3 /* Character.cpp */; };
		9FB69DDC1E459B90006325A3 /* Character.cpp in Sources */ = {isa = PBXBuildFile; fileRef = 9FB69DD91E459B90006325A3 /* Character.cpp */; };
		9FB69DDD1E459B90006325A3 /* Character.cpp in Sources */ = {isa = PBXBuildFile; fileRef = 9FB69DD91E459B90006325A3 /* Character.cpp */; };
		9FB69DE21E46D93D006325A3 /* MainMenuScene.cpp in Sources */ = {isa = PBXBuildFile; fileRef = 9FB69DE01E46D93D006325A3 /* MainMenuScene.cpp */; };
		9FB69DE31E46D93D006325A3 /* MainMenuScene.cpp in Sources */ = {isa = PBXBuildFile; fileRef = 9FB69DE01E46D93D006325A3 /* MainMenuScene.cpp */; };
		9FB69DE41E46D93D006325A3 /* MainMenuScene.cpp in Sources */ = {isa = PBXBuildFile; fileRef = 9FB69DE01E46D93D006325A3 /* MainMenuScene.cpp */; };
		9FB69DFF1E46E92B006325A3 /* UI in Resources */ = {isa = PBXBuildFile; fileRef = 9FB69DFE1E46E92B006325A3 /* UI */; };
		9FB69E011E46E93A006325A3 /* levelFiles in Resources */ = {isa = PBXBuildFile; fileRef = 9FB69E001E46E93A006325A3 /* levelFiles */; };
		9FB69E021E46E944006325A3 /* UI in Resources */ = {isa = PBXBuildFile; fileRef = 9FB69DFE1E46E92B006325A3 /* UI */; };
		9FB69E031E46E950006325A3 /* UI in Resources */ = {isa = PBXBuildFile; fileRef = 9FB69DFE1E46E92B006325A3 /* UI */; };
		9FB69E041E46EAE9006325A3 /* levelFiles in Resources */ = {isa = PBXBuildFile; fileRef = 9FB69E001E46E93A006325A3 /* levelFiles */; };
		9FB69E071E46EE88006325A3 /* LevelSelectScene.cpp in Sources */ = {isa = PBXBuildFile; fileRef = 9FB69E051E46EE88006325A3 /* LevelSelectScene.cpp */; };
		9FB69E081E46EE88006325A3 /* LevelSelectScene.cpp in Sources */ = {isa = PBXBuildFile; fileRef = 9FB69E051E46EE88006325A3 /* LevelSelectScene.cpp */; };
		9FB69E091E46EE88006325A3 /* LevelSelectScene.cpp in Sources */ = {isa = PBXBuildFile; fileRef = 9FB69E051E46EE88006325A3 /* LevelSelectScene.cpp */; };
		9FC226FF1E64B2B000AA75D5 /* Boulders in Resources */ = {isa = PBXBuildFile; fileRef = 9FC226FE1E64B2B000AA75D5 /* Boulders */; };
		9FC227011E64B5CD00AA75D5 /* Boulders in Resources */ = {isa = PBXBuildFile; fileRef = 9FC226FE1E64B2B000AA75D5 /* Boulders */; };
		9FC227041E64BA1300AA75D5 /* characters in Resources */ = {isa = PBXBuildFile; fileRef = 454B170A1E2F39280035467D /* characters */; };
		9FC227051E64BA4000AA75D5 /* characters in Resources */ = {isa = PBXBuildFile; fileRef = 454B170A1E2F39280035467D /* characters */; };
		9FC4C2EF1E39293F00ABD648 /* Platform.cpp in Sources */ = {isa = PBXBuildFile; fileRef = 9FC4C2ED1E39293F00ABD648 /* Platform.cpp */; };
		9FC97C871E540E0300EF6C31 /* LevelEnd.cpp in Sources */ = {isa = PBXBuildFile; fileRef = 9FC97C851E540E0300EF6C31 /* LevelEnd.cpp */; };
		9FC97C881E540E0300EF6C31 /* LevelEnd.cpp in Sources */ = {isa = PBXBuildFile; fileRef = 9FC97C851E540E0300EF6C31 /* LevelEnd.cpp */; };
		9FC97C891E540E0300EF6C31 /* LevelEnd.cpp in Sources */ = {isa = PBXBuildFile; fileRef = 9FC97C851E540E0300EF6C31 /* LevelEnd.cpp */; };
		9FD41BE81E2D54490077779E /* Icon.icns in Resources */ = {isa = PBXBuildFile; fileRef = 503AE0F617EB97AB00D1A890 /* Icon.icns */; };
		9FD41BE91E2D54490077779E /* res in Resources */ = {isa = PBXBuildFile; fileRef = 3EACC98E19EE6D4300EB3C5E /* res */; };
		9FD41BEA1E2D54490077779E /* fonts in Resources */ = {isa = PBXBuildFile; fileRef = 521A8EA819F11F5000D177D7 /* fonts */; };
		9FD41BEF1E2D54490077779E /* AppDelegate.cpp in Sources */ = {isa = PBXBuildFile; fileRef = 46880B8419C43A87006E1F66 /* AppDelegate.cpp */; };
		9FD41BF01E2D54490077779E /* Viewpoint.cpp in Sources */ = {isa = PBXBuildFile; fileRef = 9F98AF8F1E2C99E2009559C7 /* Viewpoint.cpp */; };
		9FD41BF31E2D54490077779E /* MainGameScene.cpp in Sources */ = {isa = PBXBuildFile; fileRef = 46880B8619C43A87006E1F66 /* MainGameScene.cpp */; };
		9FD41BF61E2D54490077779E /* libiconv.dylib in Frameworks */ = {isa = PBXBuildFile; fileRef = ED545A7D1B68A1FA00C3958E /* libiconv.dylib */; };
		9FD41BF71E2D54490077779E /* libcocos2d Mac.a in Frameworks */ = {isa = PBXBuildFile; fileRef = 1AC6FAF9180E9839004C840B /* libcocos2d Mac.a */; };
		9FD41BF81E2D54490077779E /* libz.dylib in Frameworks */ = {isa = PBXBuildFile; fileRef = BF170DB412928DE900B8313A /* libz.dylib */; };
		9FD41BF91E2D54490077779E /* Security.framework in Frameworks */ = {isa = PBXBuildFile; fileRef = 8262943D1AAF051F00CB7CF7 /* Security.framework */; };
		9FD41BFA1E2D54490077779E /* IOKit.framework in Frameworks */ = {isa = PBXBuildFile; fileRef = 503AE11A17EB9C5A00D1A890 /* IOKit.framework */; };
		9FD41BFB1E2D54490077779E /* OpenGL.framework in Frameworks */ = {isa = PBXBuildFile; fileRef = 5087E78A17EB975400C73F5D /* OpenGL.framework */; };
		9FD41BFC1E2D54490077779E /* AppKit.framework in Frameworks */ = {isa = PBXBuildFile; fileRef = 5087E78817EB974C00C73F5D /* AppKit.framework */; };
		9FD41BFD1E2D54490077779E /* Foundation.framework in Frameworks */ = {isa = PBXBuildFile; fileRef = 1D30AB110D05D00D00671497 /* Foundation.framework */; };
		9FD41BFE1E2D54490077779E /* QuartzCore.framework in Frameworks */ = {isa = PBXBuildFile; fileRef = BF1C47EA1293683800B63C5D /* QuartzCore.framework */; };
		9FD41BFF1E2D54490077779E /* OpenAL.framework in Frameworks */ = {isa = PBXBuildFile; fileRef = D44C620B132DFF330009C878 /* OpenAL.framework */; };
		9FD41C001E2D54490077779E /* AVFoundation.framework in Frameworks */ = {isa = PBXBuildFile; fileRef = D44C620D132DFF430009C878 /* AVFoundation.framework */; };
		9FD41C011E2D54490077779E /* AudioToolbox.framework in Frameworks */ = {isa = PBXBuildFile; fileRef = D44C620F132DFF4E0009C878 /* AudioToolbox.framework */; };
		9FD41C101E2D55920077779E /* testCharacter.cpp in Sources */ = {isa = PBXBuildFile; fileRef = 9FD41C0E1E2D55920077779E /* testCharacter.cpp */; };
		9FD41C131E2D55C80077779E /* TestDelegate.cpp in Sources */ = {isa = PBXBuildFile; fileRef = 9FD41C111E2D55C80077779E /* TestDelegate.cpp */; };
		9FD41C151E2D56220077779E /* main.cpp in Sources */ = {isa = PBXBuildFile; fileRef = 9FD41C141E2D56220077779E /* main.cpp */; };
		9FE1642B1E64BB5600FE4233 /* Boulders in Resources */ = {isa = PBXBuildFile; fileRef = 9FC226FE1E64B2B000AA75D5 /* Boulders */; };
		9FE1642C1E64BB5600FE4233 /* levelFiles in Resources */ = {isa = PBXBuildFile; fileRef = 9FB69E001E46E93A006325A3 /* levelFiles */; };
		9FE1642D1E64BB5600FE4233 /* characters in Resources */ = {isa = PBXBuildFile; fileRef = 454B170A1E2F39280035467D /* characters */; };
		9FFAAC721E62A74300AF523E /* Trap.cpp in Sources */ = {isa = PBXBuildFile; fileRef = 9FFAAC701E62A74300AF523E /* Trap.cpp */; };
		9FFAAC731E62A74300AF523E /* Trap.cpp in Sources */ = {isa = PBXBuildFile; fileRef = 9FFAAC701E62A74300AF523E /* Trap.cpp */; };
		9FFAAC741E62A74300AF523E /* Trap.cpp in Sources */ = {isa = PBXBuildFile; fileRef = 9FFAAC701E62A74300AF523E /* Trap.cpp */; };
		BF171245129291EC00B8313A /* OpenGLES.framework in Frameworks */ = {isa = PBXBuildFile; fileRef = BF170DB012928DE900B8313A /* OpenGLES.framework */; };
		BF1712471292920000B8313A /* libz.dylib in Frameworks */ = {isa = PBXBuildFile; fileRef = BF170DB412928DE900B8313A /* libz.dylib */; };
		BF1C47F01293687400B63C5D /* QuartzCore.framework in Frameworks */ = {isa = PBXBuildFile; fileRef = BF1C47EA1293683800B63C5D /* QuartzCore.framework */; };
		D44C620C132DFF330009C878 /* OpenAL.framework in Frameworks */ = {isa = PBXBuildFile; fileRef = D44C620B132DFF330009C878 /* OpenAL.framework */; };
		D44C620E132DFF430009C878 /* AVFoundation.framework in Frameworks */ = {isa = PBXBuildFile; fileRef = D44C620D132DFF430009C878 /* AVFoundation.framework */; };
		D44C6210132DFF4E0009C878 /* AudioToolbox.framework in Frameworks */ = {isa = PBXBuildFile; fileRef = D44C620F132DFF4E0009C878 /* AudioToolbox.framework */; };
		D6B0611B1803AB670077942B /* CoreMotion.framework in Frameworks */ = {isa = PBXBuildFile; fileRef = D6B0611A1803AB670077942B /* CoreMotion.framework */; };
		ED545A7C1B68A1F400C3958E /* libiconv.dylib in Frameworks */ = {isa = PBXBuildFile; fileRef = ED545A7B1B68A1F400C3958E /* libiconv.dylib */; };
		ED545A7E1B68A1FA00C3958E /* libiconv.dylib in Frameworks */ = {isa = PBXBuildFile; fileRef = ED545A7D1B68A1FA00C3958E /* libiconv.dylib */; };
/* End PBXBuildFile section */

/* Begin PBXContainerItemProxy section */
		1AC6FAF8180E9839004C840B /* PBXContainerItemProxy */ = {
			isa = PBXContainerItemProxy;
			containerPortal = 1AC6FAE5180E9839004C840B /* cocos2d_libs.xcodeproj */;
			proxyType = 2;
			remoteGlobalIDString = 1551A33F158F2AB200E66CFE;
			remoteInfo = "cocos2dx Mac";
		};
		1AC6FB06180E9839004C840B /* PBXContainerItemProxy */ = {
			isa = PBXContainerItemProxy;
			containerPortal = 1AC6FAE5180E9839004C840B /* cocos2d_libs.xcodeproj */;
			proxyType = 2;
			remoteGlobalIDString = A07A4D641783777C0073F6A7;
			remoteInfo = "cocos2dx iOS";
		};
		1AC6FB15180E9959004C840B /* PBXContainerItemProxy */ = {
			isa = PBXContainerItemProxy;
			containerPortal = 1AC6FAE5180E9839004C840B /* cocos2d_libs.xcodeproj */;
			proxyType = 1;
			remoteGlobalIDString = 1551A33E158F2AB200E66CFE;
			remoteInfo = "cocos2dx Mac";
		};
		1AC6FB24180E99E1004C840B /* PBXContainerItemProxy */ = {
			isa = PBXContainerItemProxy;
			containerPortal = 1AC6FAE5180E9839004C840B /* cocos2d_libs.xcodeproj */;
			proxyType = 1;
			remoteGlobalIDString = A07A4C241783777C0073F6A7;
			remoteInfo = "cocos2dx iOS";
		};
		9F3189721E26E2520005B84E /* PBXContainerItemProxy */ = {
			isa = PBXContainerItemProxy;
			containerPortal = 1AC6FAE5180E9839004C840B /* cocos2d_libs.xcodeproj */;
			proxyType = 2;
			remoteGlobalIDString = 507B40FD1C31BDD30067B53E;
			remoteInfo = "libcocos2d tvOS";
		};
		9FD41BE51E2D54490077779E /* PBXContainerItemProxy */ = {
			isa = PBXContainerItemProxy;
			containerPortal = 1AC6FAE5180E9839004C840B /* cocos2d_libs.xcodeproj */;
			proxyType = 1;
			remoteGlobalIDString = 1551A33E158F2AB200E66CFE;
			remoteInfo = "cocos2dx Mac";
		};
/* End PBXContainerItemProxy section */

/* Begin PBXFileReference section */
		1AC6FAE5180E9839004C840B /* cocos2d_libs.xcodeproj */ = {isa = PBXFileReference; lastKnownFileType = "wrapper.pb-project"; name = cocos2d_libs.xcodeproj; path = ../cocos2d/build/cocos2d_libs.xcodeproj; sourceTree = "<group>"; };
		1ACB3243164770DE00914215 /* libcurl.a */ = {isa = PBXFileReference; lastKnownFileType = archive.ar; name = libcurl.a; path = ../../cocos2dx/platform/third_party/ios/libraries/libcurl.a; sourceTree = "<group>"; };
		1D30AB110D05D00D00671497 /* Foundation.framework */ = {isa = PBXFileReference; lastKnownFileType = wrapper.framework; name = Foundation.framework; path = System/Library/Frameworks/Foundation.framework; sourceTree = SDKROOT; };
		1D6058910D05DD3D006BFB54 /* JTTW-mobile.app */ = {isa = PBXFileReference; explicitFileType = wrapper.application; includeInIndex = 0; path = "JTTW-mobile.app"; sourceTree = BUILT_PRODUCTS_DIR; };
		1DF5F4DF0D08C38300B7A737 /* UIKit.framework */ = {isa = PBXFileReference; lastKnownFileType = wrapper.framework; name = UIKit.framework; path = System/Library/Frameworks/UIKit.framework; sourceTree = SDKROOT; };
		288765A40DF7441C002DB57D /* CoreGraphics.framework */ = {isa = PBXFileReference; lastKnownFileType = wrapper.framework; name = CoreGraphics.framework; path = System/Library/Frameworks/CoreGraphics.framework; sourceTree = SDKROOT; };
		294D0D631D0D56D500F7F5D4 /* CoreText.framework */ = {isa = PBXFileReference; lastKnownFileType = wrapper.framework; name = CoreText.framework; path = Platforms/iPhoneOS.platform/Developer/SDKs/iPhoneOS9.3.sdk/System/Library/Frameworks/CoreText.framework; sourceTree = DEVELOPER_DIR; };
		3EACC98E19EE6D4300EB3C5E /* res */ = {isa = PBXFileReference; lastKnownFileType = folder; path = res; sourceTree = "<group>"; };
		454B170A1E2F39280035467D /* characters */ = {isa = PBXFileReference; lastKnownFileType = folder; path = characters; sourceTree = "<group>"; };
		454B170B1E2F39280035467D /* platforms */ = {isa = PBXFileReference; lastKnownFileType = folder; path = platforms; sourceTree = "<group>"; };
		454B17111E2FC6D30035467D /* backgrounds */ = {isa = PBXFileReference; lastKnownFileType = folder; path = backgrounds; sourceTree = "<group>"; };
		46880B8419C43A87006E1F66 /* AppDelegate.cpp */ = {isa = PBXFileReference; fileEncoding = 4; lastKnownFileType = sourcecode.cpp.cpp; path = AppDelegate.cpp; sourceTree = "<group>"; };
		46880B8519C43A87006E1F66 /* AppDelegate.h */ = {isa = PBXFileReference; fileEncoding = 4; lastKnownFileType = sourcecode.c.h; path = AppDelegate.h; sourceTree = "<group>"; };
		46880B8619C43A87006E1F66 /* MainGameScene.cpp */ = {isa = PBXFileReference; fileEncoding = 4; lastKnownFileType = sourcecode.cpp.cpp; lineEnding = 0; path = MainGameScene.cpp; sourceTree = "<group>"; usesTabs = 0; };
		46880B8719C43A87006E1F66 /* MainGameScene.h */ = {isa = PBXFileReference; fileEncoding = 4; lastKnownFileType = sourcecode.c.h; path = MainGameScene.h; sourceTree = "<group>"; };
		503AE0F617EB97AB00D1A890 /* Icon.icns */ = {isa = PBXFileReference; lastKnownFileType = image.icns; path = Icon.icns; sourceTree = "<group>"; };
		503AE0F717EB97AB00D1A890 /* Info.plist */ = {isa = PBXFileReference; fileEncoding = 4; lastKnownFileType = text.plist.xml; path = Info.plist; sourceTree = "<group>"; };
		503AE0FA17EB989F00D1A890 /* AppController.h */ = {isa = PBXFileReference; fileEncoding = 4; lastKnownFileType = sourcecode.c.h; name = AppController.h; path = ios/AppController.h; sourceTree = SOURCE_ROOT; };
		503AE0FB17EB989F00D1A890 /* AppController.mm */ = {isa = PBXFileReference; fileEncoding = 4; lastKnownFileType = sourcecode.cpp.objcpp; name = AppController.mm; path = ios/AppController.mm; sourceTree = SOURCE_ROOT; };
		503AE0FC17EB989F00D1A890 /* main.m */ = {isa = PBXFileReference; fileEncoding = 4; lastKnownFileType = sourcecode.c.objc; name = main.m; path = ios/main.m; sourceTree = SOURCE_ROOT; };
		503AE0FD17EB989F00D1A890 /* Prefix.pch */ = {isa = PBXFileReference; fileEncoding = 4; lastKnownFileType = sourcecode.c.h; name = Prefix.pch; path = ios/Prefix.pch; sourceTree = SOURCE_ROOT; };
		503AE0FE17EB989F00D1A890 /* RootViewController.h */ = {isa = PBXFileReference; fileEncoding = 4; lastKnownFileType = sourcecode.c.h; name = RootViewController.h; path = ios/RootViewController.h; sourceTree = SOURCE_ROOT; };
		503AE0FF17EB989F00D1A890 /* RootViewController.mm */ = {isa = PBXFileReference; fileEncoding = 4; lastKnownFileType = sourcecode.cpp.objcpp; name = RootViewController.mm; path = ios/RootViewController.mm; sourceTree = SOURCE_ROOT; };
		503AE10317EB98FF00D1A890 /* main.cpp */ = {isa = PBXFileReference; fileEncoding = 4; lastKnownFileType = sourcecode.cpp.cpp; name = main.cpp; path = mac/main.cpp; sourceTree = "<group>"; };
		503AE10417EB98FF00D1A890 /* Prefix.pch */ = {isa = PBXFileReference; fileEncoding = 4; lastKnownFileType = sourcecode.c.h; name = Prefix.pch; path = mac/Prefix.pch; sourceTree = "<group>"; };
		503AE11117EB99EE00D1A890 /* libcurl.dylib */ = {isa = PBXFileReference; lastKnownFileType = "compiled.mach-o.dylib"; name = libcurl.dylib; path = usr/lib/libcurl.dylib; sourceTree = SDKROOT; };
		503AE11A17EB9C5A00D1A890 /* IOKit.framework */ = {isa = PBXFileReference; lastKnownFileType = wrapper.framework; name = IOKit.framework; path = System/Library/Frameworks/IOKit.framework; sourceTree = SDKROOT; };
		5087E76F17EB910900C73F5D /* JTTW-desktop.app */ = {isa = PBXFileReference; explicitFileType = wrapper.application; includeInIndex = 0; path = "JTTW-desktop.app"; sourceTree = BUILT_PRODUCTS_DIR; };
		5087E77217EB970100C73F5D /* Default-568h@2x.png */ = {isa = PBXFileReference; lastKnownFileType = image.png; path = "Default-568h@2x.png"; sourceTree = "<group>"; };
		5087E77317EB970100C73F5D /* Default.png */ = {isa = PBXFileReference; lastKnownFileType = image.png; path = Default.png; sourceTree = "<group>"; };
		5087E77417EB970100C73F5D /* Default@2x.png */ = {isa = PBXFileReference; lastKnownFileType = image.png; path = "Default@2x.png"; sourceTree = "<group>"; };
		5087E77517EB970100C73F5D /* Icon-114.png */ = {isa = PBXFileReference; lastKnownFileType = image.png; path = "Icon-114.png"; sourceTree = "<group>"; };
		5087E77617EB970100C73F5D /* Icon-120.png */ = {isa = PBXFileReference; lastKnownFileType = image.png; path = "Icon-120.png"; sourceTree = "<group>"; };
		5087E77717EB970100C73F5D /* Icon-144.png */ = {isa = PBXFileReference; lastKnownFileType = image.png; path = "Icon-144.png"; sourceTree = "<group>"; };
		5087E77817EB970100C73F5D /* Icon-152.png */ = {isa = PBXFileReference; lastKnownFileType = image.png; path = "Icon-152.png"; sourceTree = "<group>"; };
		5087E77917EB970100C73F5D /* Icon-57.png */ = {isa = PBXFileReference; lastKnownFileType = image.png; path = "Icon-57.png"; sourceTree = "<group>"; };
		5087E77A17EB970100C73F5D /* Icon-72.png */ = {isa = PBXFileReference; lastKnownFileType = image.png; path = "Icon-72.png"; sourceTree = "<group>"; };
		5087E77B17EB970100C73F5D /* Icon-76.png */ = {isa = PBXFileReference; lastKnownFileType = image.png; path = "Icon-76.png"; sourceTree = "<group>"; };
		5087E77C17EB970100C73F5D /* Info.plist */ = {isa = PBXFileReference; fileEncoding = 4; lastKnownFileType = text.plist.xml; path = Info.plist; sourceTree = "<group>"; };
		5087E78817EB974C00C73F5D /* AppKit.framework */ = {isa = PBXFileReference; lastKnownFileType = wrapper.framework; name = AppKit.framework; path = System/Library/Frameworks/AppKit.framework; sourceTree = SDKROOT; };
		5087E78A17EB975400C73F5D /* OpenGL.framework */ = {isa = PBXFileReference; lastKnownFileType = wrapper.framework; name = OpenGL.framework; path = System/Library/Frameworks/OpenGL.framework; sourceTree = SDKROOT; };
		50EF629217ECD46A001EB2F8 /* Icon-40.png */ = {isa = PBXFileReference; lastKnownFileType = image.png; path = "Icon-40.png"; sourceTree = "<group>"; };
		50EF629317ECD46A001EB2F8 /* Icon-58.png */ = {isa = PBXFileReference; lastKnownFileType = image.png; path = "Icon-58.png"; sourceTree = "<group>"; };
		50EF629417ECD46A001EB2F8 /* Icon-80.png */ = {isa = PBXFileReference; lastKnownFileType = image.png; path = "Icon-80.png"; sourceTree = "<group>"; };
		50EF629517ECD46A001EB2F8 /* Icon-100.png */ = {isa = PBXFileReference; lastKnownFileType = image.png; path = "Icon-100.png"; sourceTree = "<group>"; };
		50EF62A017ECD613001EB2F8 /* Icon-29.png */ = {isa = PBXFileReference; lastKnownFileType = image.png; path = "Icon-29.png"; sourceTree = "<group>"; };
		50EF62A117ECD613001EB2F8 /* Icon-50.png */ = {isa = PBXFileReference; lastKnownFileType = image.png; path = "Icon-50.png"; sourceTree = "<group>"; };
		521A8E6219F0C34300D177D7 /* Default-667h@2x.png */ = {isa = PBXFileReference; lastKnownFileType = image.png; path = "Default-667h@2x.png"; sourceTree = "<group>"; };
		521A8E6319F0C34300D177D7 /* Default-736h@3x.png */ = {isa = PBXFileReference; lastKnownFileType = image.png; path = "Default-736h@3x.png"; sourceTree = "<group>"; };
		521A8EA819F11F5000D177D7 /* fonts */ = {isa = PBXFileReference; lastKnownFileType = folder; path = fonts; sourceTree = "<group>"; };
		52B47A461A53D09B004E4C60 /* Security.framework */ = {isa = PBXFileReference; lastKnownFileType = wrapper.framework; name = Security.framework; path = Platforms/iPhoneOS.platform/Developer/SDKs/iPhoneOS8.1.sdk/System/Library/Frameworks/Security.framework; sourceTree = DEVELOPER_DIR; };
		8262943D1AAF051F00CB7CF7 /* Security.framework */ = {isa = PBXFileReference; lastKnownFileType = wrapper.framework; name = Security.framework; path = System/Library/Frameworks/Security.framework; sourceTree = SDKROOT; };
		9F15D9161E5FD4D300F77DF6 /* Boulder.cpp */ = {isa = PBXFileReference; fileEncoding = 4; lastKnownFileType = sourcecode.cpp.cpp; path = Boulder.cpp; sourceTree = "<group>"; };
		9F15D9171E5FD4D300F77DF6 /* Boulder.hpp */ = {isa = PBXFileReference; fileEncoding = 4; lastKnownFileType = sourcecode.cpp.h; path = Boulder.hpp; sourceTree = "<group>"; };
		9F16FBFE1E54CC5F00D9DBCA /* Monkey.cpp */ = {isa = PBXFileReference; fileEncoding = 4; lastKnownFileType = sourcecode.cpp.cpp; path = Monkey.cpp; sourceTree = "<group>"; };
		9F16FBFF1E54CC5F00D9DBCA /* Monkey.hpp */ = {isa = PBXFileReference; fileEncoding = 4; lastKnownFileType = sourcecode.cpp.h; path = Monkey.hpp; sourceTree = "<group>"; };
		9F16FC041E54CCA500D9DBCA /* Monk.cpp */ = {isa = PBXFileReference; fileEncoding = 4; lastKnownFileType = sourcecode.cpp.cpp; path = Monk.cpp; sourceTree = "<group>"; };
		9F16FC051E54CCA500D9DBCA /* Monk.hpp */ = {isa = PBXFileReference; fileEncoding = 4; lastKnownFileType = sourcecode.cpp.h; path = Monk.hpp; sourceTree = "<group>"; };
		9F16FC091E54CCC200D9DBCA /* Sandy.cpp */ = {isa = PBXFileReference; fileEncoding = 4; lastKnownFileType = sourcecode.cpp.cpp; path = Sandy.cpp; sourceTree = "<group>"; };
		9F16FC0A1E54CCC200D9DBCA /* Sandy.hpp */ = {isa = PBXFileReference; fileEncoding = 4; lastKnownFileType = sourcecode.cpp.h; path = Sandy.hpp; sourceTree = "<group>"; };
		9F16FC0E1E54CCDB00D9DBCA /* Piggy.cpp */ = {isa = PBXFileReference; fileEncoding = 4; lastKnownFileType = sourcecode.cpp.cpp; path = Piggy.cpp; sourceTree = "<group>"; };
		9F16FC0F1E54CCDB00D9DBCA /* Piggy.hpp */ = {isa = PBXFileReference; fileEncoding = 4; lastKnownFileType = sourcecode.cpp.h; path = Piggy.hpp; sourceTree = "<group>"; };
		9F192EB51E5B634A001FE88A /* Vine.cpp */ = {isa = PBXFileReference; fileEncoding = 4; lastKnownFileType = sourcecode.cpp.cpp; path = Vine.cpp; sourceTree = "<group>"; };
		9F192EB61E5B634A001FE88A /* Vine.hpp */ = {isa = PBXFileReference; fileEncoding = 4; lastKnownFileType = sourcecode.cpp.h; path = Vine.hpp; sourceTree = "<group>"; };
		9F192EBB1E5B6DA7001FE88A /* vine3.png */ = {isa = PBXFileReference; lastKnownFileType = image.png; path = vine3.png; sourceTree = "<group>"; };
		9F192EBF1E5B8900001FE88A /* cage1.png */ = {isa = PBXFileReference; lastKnownFileType = image.png; path = cage1.png; sourceTree = "<group>"; };
		9F300C831E4805340051284B /* Collisions.hpp */ = {isa = PBXFileReference; lastKnownFileType = sourcecode.cpp.h; path = Collisions.hpp; sourceTree = "<group>"; };
		9F666E451E30201C00F9BB90 /* AiAgent.cpp */ = {isa = PBXFileReference; fileEncoding = 4; lastKnownFileType = sourcecode.cpp.cpp; path = AiAgent.cpp; sourceTree = "<group>"; };
		9F666E571E31D89500F9BB90 /* AiAgentBehaviors.cpp */ = {isa = PBXFileReference; fileEncoding = 4; lastKnownFileType = sourcecode.cpp.cpp; path = AiAgentBehaviors.cpp; sourceTree = "<group>"; };
		9F8E656D1E3DA0060058958F /* MoveablePlatform.cpp */ = {isa = PBXFileReference; fileEncoding = 4; lastKnownFileType = sourcecode.cpp.cpp; path = MoveablePlatform.cpp; sourceTree = "<group>"; };
		9F8E656E1E3DA0060058958F /* MoveablePlatform.hpp */ = {isa = PBXFileReference; fileEncoding = 4; lastKnownFileType = sourcecode.cpp.h; path = MoveablePlatform.hpp; sourceTree = "<group>"; };
		9F98AF8F1E2C99E2009559C7 /* Viewpoint.cpp */ = {isa = PBXFileReference; fileEncoding = 4; lastKnownFileType = sourcecode.cpp.cpp; path = Viewpoint.cpp; sourceTree = "<group>"; };
		9F98AF901E2C99E2009559C7 /* Viewpoint.hpp */ = {isa = PBXFileReference; fileEncoding = 4; lastKnownFileType = sourcecode.cpp.h; path = Viewpoint.hpp; sourceTree = "<group>"; };
		9FAAFDFB1E292DBB0036F58B /* AiAgent.hpp */ = {isa = PBXFileReference; fileEncoding = 4; lastKnownFileType = sourcecode.cpp.h; path = AiAgent.hpp; sourceTree = "<group>"; };
		9FB69DD91E459B90006325A3 /* Character.cpp */ = {isa = PBXFileReference; fileEncoding = 4; lastKnownFileType = sourcecode.cpp.cpp; path = Character.cpp; sourceTree = "<group>"; };
		9FB69DDA1E459B90006325A3 /* Character.hpp */ = {isa = PBXFileReference; fileEncoding = 4; lastKnownFileType = sourcecode.cpp.h; path = Character.hpp; sourceTree = "<group>"; };
		9FB69DE01E46D93D006325A3 /* MainMenuScene.cpp */ = {isa = PBXFileReference; fileEncoding = 4; lastKnownFileType = sourcecode.cpp.cpp; path = MainMenuScene.cpp; sourceTree = "<group>"; };
		9FB69DE11E46D93D006325A3 /* MainMenuScene.hpp */ = {isa = PBXFileReference; fileEncoding = 4; lastKnownFileType = sourcecode.cpp.h; path = MainMenuScene.hpp; sourceTree = "<group>"; };
		9FB69DFE1E46E92B006325A3 /* UI */ = {isa = PBXFileReference; lastKnownFileType = folder; path = UI; sourceTree = "<group>"; };
		9FB69E001E46E93A006325A3 /* levelFiles */ = {isa = PBXFileReference; lastKnownFileType = folder; path = levelFiles; sourceTree = "<group>"; };
		9FB69E051E46EE88006325A3 /* LevelSelectScene.cpp */ = {isa = PBXFileReference; fileEncoding = 4; lastKnownFileType = sourcecode.cpp.cpp; path = LevelSelectScene.cpp; sourceTree = "<group>"; };
		9FB69E061E46EE88006325A3 /* LevelSelectScene.hpp */ = {isa = PBXFileReference; fileEncoding = 4; lastKnownFileType = sourcecode.cpp.h; path = LevelSelectScene.hpp; sourceTree = "<group>"; };
		9FC226FE1E64B2B000AA75D5 /* Boulders */ = {isa = PBXFileReference; lastKnownFileType = folder; path = Boulders; sourceTree = "<group>"; };
		9FC4C2ED1E39293F00ABD648 /* Platform.cpp */ = {isa = PBXFileReference; fileEncoding = 4; lastKnownFileType = sourcecode.cpp.cpp; path = Platform.cpp; sourceTree = "<group>"; };
		9FC4C2EE1E39293F00ABD648 /* Platform.hpp */ = {isa = PBXFileReference; fileEncoding = 4; lastKnownFileType = sourcecode.cpp.h; path = Platform.hpp; sourceTree = "<group>"; };
		9FC4C2F61E3B9BF200ABD648 /* json.hpp */ = {isa = PBXFileReference; fileEncoding = 4; lastKnownFileType = sourcecode.cpp.h; path = json.hpp; sourceTree = "<group>"; };
		9FC97C851E540E0300EF6C31 /* LevelEnd.cpp */ = {isa = PBXFileReference; fileEncoding = 4; lastKnownFileType = sourcecode.cpp.cpp; path = LevelEnd.cpp; sourceTree = "<group>"; };
		9FC97C861E540E0300EF6C31 /* LevelEnd.hpp */ = {isa = PBXFileReference; fileEncoding = 4; lastKnownFileType = sourcecode.cpp.h; path = LevelEnd.hpp; sourceTree = "<group>"; };
		9FD41C051E2D54490077779E /* JTTW-desktop-tests.app */ = {isa = PBXFileReference; explicitFileType = wrapper.application; includeInIndex = 0; path = "JTTW-desktop-tests.app"; sourceTree = BUILT_PRODUCTS_DIR; };
		9FD41C071E2D544A0077779E /* JTTW-desktop copy-Info.plist */ = {isa = PBXFileReference; lastKnownFileType = text.plist.xml; name = "JTTW-desktop copy-Info.plist"; path = "/Users/brycewilley/Developer/JTTW/proj.ios_mac/JTTW-desktop copy-Info.plist"; sourceTree = "<absolute>"; };
		9FD41C0E1E2D55920077779E /* testCharacter.cpp */ = {isa = PBXFileReference; fileEncoding = 4; lastKnownFileType = sourcecode.cpp.cpp; name = testCharacter.cpp; path = ../Tests/testCharacter.cpp; sourceTree = SOURCE_ROOT; };
		9FD41C0F1E2D55920077779E /* catch.hpp */ = {isa = PBXFileReference; fileEncoding = 4; lastKnownFileType = sourcecode.cpp.h; name = catch.hpp; path = ../Tests/catch.hpp; sourceTree = SOURCE_ROOT; };
		9FD41C111E2D55C80077779E /* TestDelegate.cpp */ = {isa = PBXFileReference; fileEncoding = 4; lastKnownFileType = sourcecode.cpp.cpp; name = TestDelegate.cpp; path = ../Tests/TestDelegate.cpp; sourceTree = SOURCE_ROOT; };
		9FD41C121E2D55C80077779E /* TestDelegate.h */ = {isa = PBXFileReference; fileEncoding = 4; lastKnownFileType = sourcecode.c.h; name = TestDelegate.h; path = ../Tests/TestDelegate.h; sourceTree = SOURCE_ROOT; };
		9FD41C141E2D56220077779E /* main.cpp */ = {isa = PBXFileReference; fileEncoding = 4; lastKnownFileType = sourcecode.cpp.cpp; name = main.cpp; path = ../Tests/main.cpp; sourceTree = SOURCE_ROOT; };
		9FFAAC701E62A74300AF523E /* Trap.cpp */ = {isa = PBXFileReference; fileEncoding = 4; lastKnownFileType = sourcecode.cpp.cpp; path = Trap.cpp; sourceTree = "<group>"; };
		9FFAAC711E62A74300AF523E /* Trap.hpp */ = {isa = PBXFileReference; fileEncoding = 4; lastKnownFileType = sourcecode.cpp.h; path = Trap.hpp; sourceTree = "<group>"; };
		BF170DB012928DE900B8313A /* OpenGLES.framework */ = {isa = PBXFileReference; lastKnownFileType = wrapper.framework; name = OpenGLES.framework; path = System/Library/Frameworks/OpenGLES.framework; sourceTree = SDKROOT; };
		BF170DB412928DE900B8313A /* libz.dylib */ = {isa = PBXFileReference; lastKnownFileType = "compiled.mach-o.dylib"; name = libz.dylib; path = usr/lib/libz.dylib; sourceTree = SDKROOT; };
		BF1C47EA1293683800B63C5D /* QuartzCore.framework */ = {isa = PBXFileReference; lastKnownFileType = wrapper.framework; name = QuartzCore.framework; path = System/Library/Frameworks/QuartzCore.framework; sourceTree = SDKROOT; };
		D44C620B132DFF330009C878 /* OpenAL.framework */ = {isa = PBXFileReference; lastKnownFileType = wrapper.framework; name = OpenAL.framework; path = System/Library/Frameworks/OpenAL.framework; sourceTree = SDKROOT; };
		D44C620D132DFF430009C878 /* AVFoundation.framework */ = {isa = PBXFileReference; lastKnownFileType = wrapper.framework; name = AVFoundation.framework; path = System/Library/Frameworks/AVFoundation.framework; sourceTree = SDKROOT; };
		D44C620F132DFF4E0009C878 /* AudioToolbox.framework */ = {isa = PBXFileReference; lastKnownFileType = wrapper.framework; name = AudioToolbox.framework; path = System/Library/Frameworks/AudioToolbox.framework; sourceTree = SDKROOT; };
		D6B0611A1803AB670077942B /* CoreMotion.framework */ = {isa = PBXFileReference; lastKnownFileType = wrapper.framework; name = CoreMotion.framework; path = Platforms/iPhoneOS.platform/Developer/SDKs/iPhoneOS7.0.sdk/System/Library/Frameworks/CoreMotion.framework; sourceTree = DEVELOPER_DIR; };
		ED545A7B1B68A1F400C3958E /* libiconv.dylib */ = {isa = PBXFileReference; lastKnownFileType = "compiled.mach-o.dylib"; name = libiconv.dylib; path = Platforms/iPhoneOS.platform/Developer/SDKs/iPhoneOS8.4.sdk/usr/lib/libiconv.dylib; sourceTree = DEVELOPER_DIR; };
		ED545A7D1B68A1FA00C3958E /* libiconv.dylib */ = {isa = PBXFileReference; lastKnownFileType = "compiled.mach-o.dylib"; name = libiconv.dylib; path = usr/lib/libiconv.dylib; sourceTree = SDKROOT; };
/* End PBXFileReference section */

/* Begin PBXFrameworksBuildPhase section */
		1D60588F0D05DD3D006BFB54 /* Frameworks */ = {
			isa = PBXFrameworksBuildPhase;
			buildActionMask = 2147483647;
			files = (
				294D0D641D0D56D500F7F5D4 /* CoreText.framework in Frameworks */,
				ED545A7C1B68A1F400C3958E /* libiconv.dylib in Frameworks */,
				52B47A471A53D09C004E4C60 /* Security.framework in Frameworks */,
				1AC6FB30180E99EB004C840B /* libcocos2d iOS.a in Frameworks */,
				D6B0611B1803AB670077942B /* CoreMotion.framework in Frameworks */,
				1D60589F0D05DD5A006BFB54 /* Foundation.framework in Frameworks */,
				1DF5F4E00D08C38300B7A737 /* UIKit.framework in Frameworks */,
				288765A50DF7441C002DB57D /* CoreGraphics.framework in Frameworks */,
				BF171245129291EC00B8313A /* OpenGLES.framework in Frameworks */,
				BF1712471292920000B8313A /* libz.dylib in Frameworks */,
				BF1C47F01293687400B63C5D /* QuartzCore.framework in Frameworks */,
				D44C620C132DFF330009C878 /* OpenAL.framework in Frameworks */,
				D44C620E132DFF430009C878 /* AVFoundation.framework in Frameworks */,
				D44C6210132DFF4E0009C878 /* AudioToolbox.framework in Frameworks */,
			);
			runOnlyForDeploymentPostprocessing = 0;
		};
		5087E75C17EB910900C73F5D /* Frameworks */ = {
			isa = PBXFrameworksBuildPhase;
			buildActionMask = 2147483647;
			files = (
				ED545A7E1B68A1FA00C3958E /* libiconv.dylib in Frameworks */,
				1AC6FB21180E996B004C840B /* libcocos2d Mac.a in Frameworks */,
				5087E76717EB910900C73F5D /* libz.dylib in Frameworks */,
				8262943E1AAF051F00CB7CF7 /* Security.framework in Frameworks */,
				503AE11B17EB9C5A00D1A890 /* IOKit.framework in Frameworks */,
				5087E78B17EB975400C73F5D /* OpenGL.framework in Frameworks */,
				5087E78917EB974C00C73F5D /* AppKit.framework in Frameworks */,
				5087E76317EB910900C73F5D /* Foundation.framework in Frameworks */,
				5087E76817EB910900C73F5D /* QuartzCore.framework in Frameworks */,
				5087E76917EB910900C73F5D /* OpenAL.framework in Frameworks */,
				5087E76A17EB910900C73F5D /* AVFoundation.framework in Frameworks */,
				5087E76B17EB910900C73F5D /* AudioToolbox.framework in Frameworks */,
			);
			runOnlyForDeploymentPostprocessing = 0;
		};
		9FD41BF51E2D54490077779E /* Frameworks */ = {
			isa = PBXFrameworksBuildPhase;
			buildActionMask = 2147483647;
			files = (
				9FD41BF61E2D54490077779E /* libiconv.dylib in Frameworks */,
				9FD41BF71E2D54490077779E /* libcocos2d Mac.a in Frameworks */,
				9FD41BF81E2D54490077779E /* libz.dylib in Frameworks */,
				9FD41BF91E2D54490077779E /* Security.framework in Frameworks */,
				9FD41BFA1E2D54490077779E /* IOKit.framework in Frameworks */,
				9FD41BFB1E2D54490077779E /* OpenGL.framework in Frameworks */,
				9FD41BFC1E2D54490077779E /* AppKit.framework in Frameworks */,
				9FD41BFD1E2D54490077779E /* Foundation.framework in Frameworks */,
				9FD41BFE1E2D54490077779E /* QuartzCore.framework in Frameworks */,
				9FD41BFF1E2D54490077779E /* OpenAL.framework in Frameworks */,
				9FD41C001E2D54490077779E /* AVFoundation.framework in Frameworks */,
				9FD41C011E2D54490077779E /* AudioToolbox.framework in Frameworks */,
			);
			runOnlyForDeploymentPostprocessing = 0;
		};
/* End PBXFrameworksBuildPhase section */

/* Begin PBXGroup section */
		080E96DDFE201D6D7F000001 /* ios */ = {
			isa = PBXGroup;
			children = (
				5087E77117EB970100C73F5D /* Icons */,
				503AE0FA17EB989F00D1A890 /* AppController.h */,
				503AE0FB17EB989F00D1A890 /* AppController.mm */,
				503AE0FC17EB989F00D1A890 /* main.m */,
				503AE0FD17EB989F00D1A890 /* Prefix.pch */,
				503AE0FE17EB989F00D1A890 /* RootViewController.h */,
				503AE0FF17EB989F00D1A890 /* RootViewController.mm */,
			);
			name = ios;
			path = Classes;
			sourceTree = "<group>";
		};
		19C28FACFE9D520D11CA2CBB /* Products */ = {
			isa = PBXGroup;
			children = (
				1D6058910D05DD3D006BFB54 /* JTTW-mobile.app */,
				5087E76F17EB910900C73F5D /* JTTW-desktop.app */,
				9FD41C051E2D54490077779E /* JTTW-desktop-tests.app */,
			);
			name = Products;
			sourceTree = "<group>";
		};
		1AC6FAE6180E9839004C840B /* Products */ = {
			isa = PBXGroup;
			children = (
				1AC6FAF9180E9839004C840B /* libcocos2d Mac.a */,
				1AC6FB07180E9839004C840B /* libcocos2d iOS.a */,
				9F3189731E26E2520005B84E /* libcocos2d tvOS.a */,
			);
			name = Products;
			sourceTree = "<group>";
		};
		29B97314FDCFA39411CA2CEA /* CustomTemplate */ = {
			isa = PBXGroup;
			children = (
				9FD41C081E2D550D0077779E /* Tests */,
				46880B8319C43A87006E1F66 /* Classes */,
				46880B7519C43A67006E1F66 /* Resources */,
				1AC6FAE5180E9839004C840B /* cocos2d_libs.xcodeproj */,
				29B97323FDCFA39411CA2CEA /* Frameworks */,
				080E96DDFE201D6D7F000001 /* ios */,
				503AE10617EB990700D1A890 /* mac */,
				19C28FACFE9D520D11CA2CBB /* Products */,
				9FD41C071E2D544A0077779E /* JTTW-desktop copy-Info.plist */,
			);
			name = CustomTemplate;
			sourceTree = "<group>";
		};
		29B97323FDCFA39411CA2CEA /* Frameworks */ = {
			isa = PBXGroup;
			children = (
				294D0D631D0D56D500F7F5D4 /* CoreText.framework */,
				ED545A7D1B68A1FA00C3958E /* libiconv.dylib */,
				ED545A7B1B68A1F400C3958E /* libiconv.dylib */,
				8262943D1AAF051F00CB7CF7 /* Security.framework */,
				52B47A461A53D09B004E4C60 /* Security.framework */,
				D6B0611A1803AB670077942B /* CoreMotion.framework */,
				503AE11A17EB9C5A00D1A890 /* IOKit.framework */,
				503AE11117EB99EE00D1A890 /* libcurl.dylib */,
				5087E78A17EB975400C73F5D /* OpenGL.framework */,
				5087E78817EB974C00C73F5D /* AppKit.framework */,
				1ACB3243164770DE00914215 /* libcurl.a */,
				BF170DB412928DE900B8313A /* libz.dylib */,
				D44C620F132DFF4E0009C878 /* AudioToolbox.framework */,
				D44C620D132DFF430009C878 /* AVFoundation.framework */,
				288765A40DF7441C002DB57D /* CoreGraphics.framework */,
				1D30AB110D05D00D00671497 /* Foundation.framework */,
				D44C620B132DFF330009C878 /* OpenAL.framework */,
				BF170DB012928DE900B8313A /* OpenGLES.framework */,
				BF1C47EA1293683800B63C5D /* QuartzCore.framework */,
				1DF5F4DF0D08C38300B7A737 /* UIKit.framework */,
			);
			name = Frameworks;
			sourceTree = "<group>";
		};
		46880B7519C43A67006E1F66 /* Resources */ = {
			isa = PBXGroup;
			children = (
				9FC226FE1E64B2B000AA75D5 /* Boulders */,
				9F192EBF1E5B8900001FE88A /* cage1.png */,
				9F192EBB1E5B6DA7001FE88A /* vine3.png */,
				9FB69E001E46E93A006325A3 /* levelFiles */,
				9FB69DFE1E46E92B006325A3 /* UI */,
				454B17111E2FC6D30035467D /* backgrounds */,
				454B170A1E2F39280035467D /* characters */,
				454B170B1E2F39280035467D /* platforms */,
				521A8EA819F11F5000D177D7 /* fonts */,
				3EACC98E19EE6D4300EB3C5E /* res */,
			);
			name = Resources;
			path = ../Resources;
			sourceTree = "<group>";
		};
		46880B8319C43A87006E1F66 /* Classes */ = {
			isa = PBXGroup;
			children = (
				9F16FC131E54CCF600D9DBCA /* Characters */,
				9FC97C8A1E54384500EF6C31 /* Scenes */,
				9F8E656C1E3D9F8A0058958F /* Objects */,
				9FC4C2F61E3B9BF200ABD648 /* json.hpp */,
				46880B8419C43A87006E1F66 /* AppDelegate.cpp */,
				46880B8519C43A87006E1F66 /* AppDelegate.h */,
				9F98AF8F1E2C99E2009559C7 /* Viewpoint.cpp */,
				9F98AF901E2C99E2009559C7 /* Viewpoint.hpp */,
				9F666E561E31CB6100F9BB90 /* AI */,
			);
			name = Classes;
			path = ../Classes;
			sourceTree = "<group>";
		};
		503AE0F517EB97AB00D1A890 /* Icons */ = {
			isa = PBXGroup;
			children = (
				503AE0F617EB97AB00D1A890 /* Icon.icns */,
				503AE0F717EB97AB00D1A890 /* Info.plist */,
			);
			name = Icons;
			path = mac;
			sourceTree = SOURCE_ROOT;
		};
		503AE10617EB990700D1A890 /* mac */ = {
			isa = PBXGroup;
			children = (
				503AE0F517EB97AB00D1A890 /* Icons */,
				503AE10317EB98FF00D1A890 /* main.cpp */,
				503AE10417EB98FF00D1A890 /* Prefix.pch */,
			);
			name = mac;
			sourceTree = "<group>";
		};
		5087E77117EB970100C73F5D /* Icons */ = {
			isa = PBXGroup;
			children = (
				521A8E6219F0C34300D177D7 /* Default-667h@2x.png */,
				521A8E6319F0C34300D177D7 /* Default-736h@3x.png */,
				5087E77217EB970100C73F5D /* Default-568h@2x.png */,
				5087E77317EB970100C73F5D /* Default.png */,
				5087E77417EB970100C73F5D /* Default@2x.png */,
				50EF62A017ECD613001EB2F8 /* Icon-29.png */,
				50EF62A117ECD613001EB2F8 /* Icon-50.png */,
				50EF629217ECD46A001EB2F8 /* Icon-40.png */,
				50EF629317ECD46A001EB2F8 /* Icon-58.png */,
				50EF629417ECD46A001EB2F8 /* Icon-80.png */,
				50EF629517ECD46A001EB2F8 /* Icon-100.png */,
				5087E77517EB970100C73F5D /* Icon-114.png */,
				5087E77617EB970100C73F5D /* Icon-120.png */,
				5087E77717EB970100C73F5D /* Icon-144.png */,
				5087E77817EB970100C73F5D /* Icon-152.png */,
				5087E77917EB970100C73F5D /* Icon-57.png */,
				5087E77A17EB970100C73F5D /* Icon-72.png */,
				5087E77B17EB970100C73F5D /* Icon-76.png */,
				5087E77C17EB970100C73F5D /* Info.plist */,
			);
			name = Icons;
			path = ios;
			sourceTree = SOURCE_ROOT;
		};
		9F16FC131E54CCF600D9DBCA /* Characters */ = {
			isa = PBXGroup;
			children = (
				9FB69DD91E459B90006325A3 /* Character.cpp */,
				9FB69DDA1E459B90006325A3 /* Character.hpp */,
				9F16FBFE1E54CC5F00D9DBCA /* Monkey.cpp */,
				9F16FBFF1E54CC5F00D9DBCA /* Monkey.hpp */,
				9F16FC041E54CCA500D9DBCA /* Monk.cpp */,
				9F16FC051E54CCA500D9DBCA /* Monk.hpp */,
				9F16FC091E54CCC200D9DBCA /* Sandy.cpp */,
				9F16FC0A1E54CCC200D9DBCA /* Sandy.hpp */,
				9F16FC0E1E54CCDB00D9DBCA /* Piggy.cpp */,
				9F16FC0F1E54CCDB00D9DBCA /* Piggy.hpp */,
			);
			name = Characters;
			sourceTree = "<group>";
		};
		9F666E561E31CB6100F9BB90 /* AI */ = {
			isa = PBXGroup;
			children = (
				9FAAFDFB1E292DBB0036F58B /* AiAgent.hpp */,
				9F666E451E30201C00F9BB90 /* AiAgent.cpp */,
				9F666E571E31D89500F9BB90 /* AiAgentBehaviors.cpp */,
			);
			name = AI;
			sourceTree = "<group>";
		};
		9F8E656C1E3D9F8A0058958F /* Objects */ = {
			isa = PBXGroup;
			children = (
				9F300C831E4805340051284B /* Collisions.hpp */,
				9FC4C2ED1E39293F00ABD648 /* Platform.cpp */,
				9FC4C2EE1E39293F00ABD648 /* Platform.hpp */,
				9F8E656D1E3DA0060058958F /* MoveablePlatform.cpp */,
				9F8E656E1E3DA0060058958F /* MoveablePlatform.hpp */,
				9F192EB51E5B634A001FE88A /* Vine.cpp */,
				9F192EB61E5B634A001FE88A /* Vine.hpp */,
				9F15D9161E5FD4D300F77DF6 /* Boulder.cpp */,
				9F15D9171E5FD4D300F77DF6 /* Boulder.hpp */,
				9FFAAC701E62A74300AF523E /* Trap.cpp */,
				9FFAAC711E62A74300AF523E /* Trap.hpp */,
			);
			name = Objects;
			sourceTree = "<group>";
		};
		9FC97C8A1E54384500EF6C31 /* Scenes */ = {
			isa = PBXGroup;
			children = (
				9FB69DE01E46D93D006325A3 /* MainMenuScene.cpp */,
				9FB69DE11E46D93D006325A3 /* MainMenuScene.hpp */,
				9FB69E051E46EE88006325A3 /* LevelSelectScene.cpp */,
				9FB69E061E46EE88006325A3 /* LevelSelectScene.hpp */,
				9FC97C851E540E0300EF6C31 /* LevelEnd.cpp */,
				9FC97C861E540E0300EF6C31 /* LevelEnd.hpp */,
				46880B8619C43A87006E1F66 /* MainGameScene.cpp */,
				46880B8719C43A87006E1F66 /* MainGameScene.h */,
			);
			name = Scenes;
			sourceTree = "<group>";
		};
		9FD41C081E2D550D0077779E /* Tests */ = {
			isa = PBXGroup;
			children = (
				9FD41C111E2D55C80077779E /* TestDelegate.cpp */,
				9FD41C121E2D55C80077779E /* TestDelegate.h */,
				9FD41C0E1E2D55920077779E /* testCharacter.cpp */,
				9FD41C0F1E2D55920077779E /* catch.hpp */,
				9FD41C141E2D56220077779E /* main.cpp */,
			);
			name = Tests;
			sourceTree = "<group>";
		};
/* End PBXGroup section */

/* Begin PBXNativeTarget section */
		1D6058900D05DD3D006BFB54 /* JTTW-mobile */ = {
			isa = PBXNativeTarget;
			buildConfigurationList = 1D6058960D05DD3E006BFB54 /* Build configuration list for PBXNativeTarget "JTTW-mobile" */;
			buildPhases = (
				1D60588D0D05DD3D006BFB54 /* Resources */,
				1D60588E0D05DD3D006BFB54 /* Sources */,
				1D60588F0D05DD3D006BFB54 /* Frameworks */,
			);
			buildRules = (
			);
			dependencies = (
				1AC6FB25180E99E1004C840B /* PBXTargetDependency */,
			);
			name = "JTTW-mobile";
			productName = iphone;
			productReference = 1D6058910D05DD3D006BFB54 /* JTTW-mobile.app */;
			productType = "com.apple.product-type.application";
		};
		5087E73D17EB910900C73F5D /* JTTW-desktop */ = {
			isa = PBXNativeTarget;
			buildConfigurationList = 5087E76C17EB910900C73F5D /* Build configuration list for PBXNativeTarget "JTTW-desktop" */;
			buildPhases = (
				5087E74817EB910900C73F5D /* Resources */,
				5087E75617EB910900C73F5D /* Sources */,
				5087E75C17EB910900C73F5D /* Frameworks */,
			);
			buildRules = (
			);
			dependencies = (
				1AC6FB16180E9959004C840B /* PBXTargetDependency */,
			);
			name = "JTTW-desktop";
			productName = iphone;
			productReference = 5087E76F17EB910900C73F5D /* JTTW-desktop.app */;
			productType = "com.apple.product-type.application";
		};
		9FD41BE31E2D54490077779E /* JTTW-desktop-tests */ = {
			isa = PBXNativeTarget;
			buildConfigurationList = 9FD41C021E2D54490077779E /* Build configuration list for PBXNativeTarget "JTTW-desktop-tests" */;
			buildPhases = (
				9FD41BE61E2D54490077779E /* Resources */,
				9FD41BEE1E2D54490077779E /* Sources */,
				9FD41BF51E2D54490077779E /* Frameworks */,
			);
			buildRules = (
			);
			dependencies = (
				9FD41BE41E2D54490077779E /* PBXTargetDependency */,
			);
			name = "JTTW-desktop-tests";
			productName = iphone;
			productReference = 9FD41C051E2D54490077779E /* JTTW-desktop-tests.app */;
			productType = "com.apple.product-type.application";
		};
/* End PBXNativeTarget section */

/* Begin PBXProject section */
		29B97313FDCFA39411CA2CEA /* Project object */ = {
			isa = PBXProject;
			attributes = {
				LastUpgradeCheck = 0820;
			};
			buildConfigurationList = C01FCF4E08A954540054247B /* Build configuration list for PBXProject "JTTW" */;
			compatibilityVersion = "Xcode 3.2";
			developmentRegion = English;
			hasScannedForEncodings = 1;
			knownRegions = (
				English,
				Japanese,
				French,
				German,
			);
			mainGroup = 29B97314FDCFA39411CA2CEA /* CustomTemplate */;
			projectDirPath = "";
			projectReferences = (
				{
					ProductGroup = 1AC6FAE6180E9839004C840B /* Products */;
					ProjectRef = 1AC6FAE5180E9839004C840B /* cocos2d_libs.xcodeproj */;
				},
			);
			projectRoot = "";
			targets = (
				1D6058900D05DD3D006BFB54 /* JTTW-mobile */,
				5087E73D17EB910900C73F5D /* JTTW-desktop */,
				9FD41BE31E2D54490077779E /* JTTW-desktop-tests */,
			);
		};
/* End PBXProject section */

/* Begin PBXReferenceProxy section */
		1AC6FAF9180E9839004C840B /* libcocos2d Mac.a */ = {
			isa = PBXReferenceProxy;
			fileType = archive.ar;
			path = "libcocos2d Mac.a";
			remoteRef = 1AC6FAF8180E9839004C840B /* PBXContainerItemProxy */;
			sourceTree = BUILT_PRODUCTS_DIR;
		};
		1AC6FB07180E9839004C840B /* libcocos2d iOS.a */ = {
			isa = PBXReferenceProxy;
			fileType = archive.ar;
			path = "libcocos2d iOS.a";
			remoteRef = 1AC6FB06180E9839004C840B /* PBXContainerItemProxy */;
			sourceTree = BUILT_PRODUCTS_DIR;
		};
		9F3189731E26E2520005B84E /* libcocos2d tvOS.a */ = {
			isa = PBXReferenceProxy;
			fileType = archive.ar;
			path = "libcocos2d tvOS.a";
			remoteRef = 9F3189721E26E2520005B84E /* PBXContainerItemProxy */;
			sourceTree = BUILT_PRODUCTS_DIR;
		};
/* End PBXReferenceProxy section */

/* Begin PBXResourcesBuildPhase section */
		1D60588D0D05DD3D006BFB54 /* Resources */ = {
			isa = PBXResourcesBuildPhase;
			buildActionMask = 2147483647;
			files = (
				9FC227051E64BA4000AA75D5 /* characters in Resources */,
				5087E78117EB970100C73F5D /* Icon-120.png in Resources */,
				454B17121E2FC6D30035467D /* backgrounds in Resources */,
				5087E78617EB970100C73F5D /* Icon-76.png in Resources */,
				5087E77F17EB970100C73F5D /* Default@2x.png in Resources */,
				50EF629917ECD46A001EB2F8 /* Icon-100.png in Resources */,
				5087E78317EB970100C73F5D /* Icon-152.png in Resources */,
				9F192EBC1E5B6DA7001FE88A /* vine3.png in Resources */,
				9FB69DFF1E46E92B006325A3 /* UI in Resources */,
				5087E77D17EB970100C73F5D /* Default-568h@2x.png in Resources */,
				5087E78517EB970100C73F5D /* Icon-72.png in Resources */,
				521A8E6519F0C34300D177D7 /* Default-736h@3x.png in Resources */,
				521A8EA919F11F5000D177D7 /* fonts in Resources */,
				50EF62A317ECD613001EB2F8 /* Icon-50.png in Resources */,
				5087E78017EB970100C73F5D /* Icon-114.png in Resources */,
				50EF62A217ECD613001EB2F8 /* Icon-29.png in Resources */,
				50EF629617ECD46A001EB2F8 /* Icon-40.png in Resources */,
				5087E78217EB970100C73F5D /* Icon-144.png in Resources */,
				3EACC98F19EE6D4300EB3C5E /* res in Resources */,
				9F192EC01E5B8900001FE88A /* cage1.png in Resources */,
				9FB69E011E46E93A006325A3 /* levelFiles in Resources */,
				50EF629817ECD46A001EB2F8 /* Icon-80.png in Resources */,
				5087E78417EB970100C73F5D /* Icon-57.png in Resources */,
				5087E77E17EB970100C73F5D /* Default.png in Resources */,
				521A8E6419F0C34300D177D7 /* Default-667h@2x.png in Resources */,
				50EF629717ECD46A001EB2F8 /* Icon-58.png in Resources */,
				9FC226FF1E64B2B000AA75D5 /* Boulders in Resources */,
				454B170E1E2F39280035467D /* platforms in Resources */,
			);
			runOnlyForDeploymentPostprocessing = 0;
		};
		5087E74817EB910900C73F5D /* Resources */ = {
			isa = PBXResourcesBuildPhase;
			buildActionMask = 2147483647;
			files = (
				9FC227041E64BA1300AA75D5 /* characters in Resources */,
				9FC227011E64B5CD00AA75D5 /* Boulders in Resources */,
				9FB69E041E46EAE9006325A3 /* levelFiles in Resources */,
				9FB69E021E46E944006325A3 /* UI in Resources */,
				9F192EC11E5B8900001FE88A /* cage1.png in Resources */,
				9F192EBD1E5B6DA7001FE88A /* vine3.png in Resources */,
				503AE0F817EB97AB00D1A890 /* Icon.icns in Resources */,
				3EACC99019EE6D4300EB3C5E /* res in Resources */,
				454B17131E2FC6D30035467D /* backgrounds in Resources */,
				521A8EAA19F11F5000D177D7 /* fonts in Resources */,
				454B170F1E2F39280035467D /* platforms in Resources */,
			);
			runOnlyForDeploymentPostprocessing = 0;
		};
		9FD41BE61E2D54490077779E /* Resources */ = {
			isa = PBXResourcesBuildPhase;
			buildActionMask = 2147483647;
			files = (
				9FE1642B1E64BB5600FE4233 /* Boulders in Resources */,
				9FE1642C1E64BB5600FE4233 /* levelFiles in Resources */,
				9FE1642D1E64BB5600FE4233 /* characters in Resources */,
				9F192EBE1E5B6DA7001FE88A /* vine3.png in Resources */,
				9FB69E031E46E950006325A3 /* UI in Resources */,
				9F666E6C1E329BF000F9BB90 /* backgrounds in Resources */,
				9F192EC21E5B8900001FE88A /* cage1.png in Resources */,
				9F666E6E1E329BF200F9BB90 /* platforms in Resources */,
				9FD41BE81E2D54490077779E /* Icon.icns in Resources */,
				9FD41BE91E2D54490077779E /* res in Resources */,
				9FD41BEA1E2D54490077779E /* fonts in Resources */,
			);
			runOnlyForDeploymentPostprocessing = 0;
		};
/* End PBXResourcesBuildPhase section */

/* Begin PBXSourcesBuildPhase section */
		1D60588E0D05DD3D006BFB54 /* Sources */ = {
			isa = PBXSourcesBuildPhase;
			buildActionMask = 2147483647;
			files = (
				9F16FC001E54CC5F00D9DBCA /* Monkey.cpp in Sources */,
				9F15D9181E5FD4D300F77DF6 /* Boulder.cpp in Sources */,
				46880B8819C43A87006E1F66 /* AppDelegate.cpp in Sources */,
				46880B8A19C43A87006E1F66 /* MainGameScene.cpp in Sources */,
				9FB69E071E46EE88006325A3 /* LevelSelectScene.cpp in Sources */,
				9F98AF911E2C99E2009559C7 /* Viewpoint.cpp in Sources */,
				9FB69DE21E46D93D006325A3 /* MainMenuScene.cpp in Sources */,
				503AE10017EB989F00D1A890 /* AppController.mm in Sources */,
				9FC4C2EF1E39293F00ABD648 /* Platform.cpp in Sources */,
				9FFAAC721E62A74300AF523E /* Trap.cpp in Sources */,
				503AE10217EB989F00D1A890 /* RootViewController.mm in Sources */,
				9FC97C871E540E0300EF6C31 /* LevelEnd.cpp in Sources */,
				9F666E581E31D89500F9BB90 /* AiAgentBehaviors.cpp in Sources */,
				9F192EB71E5B634A001FE88A /* Vine.cpp in Sources */,
				9F16FC0B1E54CCC200D9DBCA /* Sandy.cpp in Sources */,
				9F16FC101E54CCDB00D9DBCA /* Piggy.cpp in Sources */,
				503AE10117EB989F00D1A890 /* main.m in Sources */,
				9FB69DDB1E459B90006325A3 /* Character.cpp in Sources */,
				9F666E461E30201C00F9BB90 /* AiAgent.cpp in Sources */,
				9F16FC061E54CCA500D9DBCA /* Monk.cpp in Sources */,
				9F8E656F1E3DA0060058958F /* MoveablePlatform.cpp in Sources */,
			);
			runOnlyForDeploymentPostprocessing = 0;
		};
		5087E75617EB910900C73F5D /* Sources */ = {
			isa = PBXSourcesBuildPhase;
			buildActionMask = 2147483647;
			files = (
				9F8E654D1E3BB3C60058958F /* Platform.cpp in Sources */,
				46880B8919C43A87006E1F66 /* AppDelegate.cpp in Sources */,
				9F16FC011E54CC5F00D9DBCA /* Monkey.cpp in Sources */,
				9F16FC0C1E54CCC200D9DBCA /* Sandy.cpp in Sources */,
				9F8E65701E3DA0060058958F /* MoveablePlatform.cpp in Sources */,
				9FB69E081E46EE88006325A3 /* LevelSelectScene.cpp in Sources */,
				9FC97C881E540E0300EF6C31 /* LevelEnd.cpp in Sources */,
				9F666E471E30201C00F9BB90 /* AiAgent.cpp in Sources */,
				9F98AF921E2C99E2009559C7 /* Viewpoint.cpp in Sources */,
				9FB69DDC1E459B90006325A3 /* Character.cpp in Sources */,
				9F16FC111E54CCDB00D9DBCA /* Piggy.cpp in Sources */,
				9FFAAC731E62A74300AF523E /* Trap.cpp in Sources */,
				9F15D9191E5FD4D300F77DF6 /* Boulder.cpp in Sources */,
				503AE10517EB98FF00D1A890 /* main.cpp in Sources */,
				46880B8B19C43A87006E1F66 /* MainGameScene.cpp in Sources */,
				9F666E591E31D89500F9BB90 /* AiAgentBehaviors.cpp in Sources */,
				9F16FC071E54CCA500D9DBCA /* Monk.cpp in Sources */,
				9F192EB81E5B634A001FE88A /* Vine.cpp in Sources */,
				9FB69DE31E46D93D006325A3 /* MainMenuScene.cpp in Sources */,
			);
			runOnlyForDeploymentPostprocessing = 0;
		};
		9FD41BEE1E2D54490077779E /* Sources */ = {
			isa = PBXSourcesBuildPhase;
			buildActionMask = 2147483647;
			files = (
				9F16FC021E54CC5F00D9DBCA /* Monkey.cpp in Sources */,
				9F15D91A1E5FD4D300F77DF6 /* Boulder.cpp in Sources */,
				9FB69DD51E459AA4006325A3 /* Platform.cpp in Sources */,
				9FD41BEF1E2D54490077779E /* AppDelegate.cpp in Sources */,
				9FD41BF01E2D54490077779E /* Viewpoint.cpp in Sources */,
				9FB69E091E46EE88006325A3 /* LevelSelectScene.cpp in Sources */,
				9FD41C151E2D56220077779E /* main.cpp in Sources */,
				9FB69DE41E46D93D006325A3 /* MainMenuScene.cpp in Sources */,
				9FD41C131E2D55C80077779E /* TestDelegate.cpp in Sources */,
				9FFAAC741E62A74300AF523E /* Trap.cpp in Sources */,
				9FD41C101E2D55920077779E /* testCharacter.cpp in Sources */,
				9FC97C891E540E0300EF6C31 /* LevelEnd.cpp in Sources */,
				9FD41BF31E2D54490077779E /* MainGameScene.cpp in Sources */,
				9F192EB91E5B634A001FE88A /* Vine.cpp in Sources */,
				9F16FC0D1E54CCC200D9DBCA /* Sandy.cpp in Sources */,
				9F16FC121E54CCDB00D9DBCA /* Piggy.cpp in Sources */,
				9F666E5A1E31D89500F9BB90 /* AiAgentBehaviors.cpp in Sources */,
				9F8E65711E3DA0060058958F /* MoveablePlatform.cpp in Sources */,
				9FB69DDD1E459B90006325A3 /* Character.cpp in Sources */,
				9F16FC081E54CCA500D9DBCA /* Monk.cpp in Sources */,
				9F666E481E30201C00F9BB90 /* AiAgent.cpp in Sources */,
			);
			runOnlyForDeploymentPostprocessing = 0;
		};
/* End PBXSourcesBuildPhase section */

/* Begin PBXTargetDependency section */
		1AC6FB16180E9959004C840B /* PBXTargetDependency */ = {
			isa = PBXTargetDependency;
			name = "cocos2dx Mac";
			targetProxy = 1AC6FB15180E9959004C840B /* PBXContainerItemProxy */;
		};
		1AC6FB25180E99E1004C840B /* PBXTargetDependency */ = {
			isa = PBXTargetDependency;
			name = "cocos2dx iOS";
			targetProxy = 1AC6FB24180E99E1004C840B /* PBXContainerItemProxy */;
		};
		9FD41BE41E2D54490077779E /* PBXTargetDependency */ = {
			isa = PBXTargetDependency;
			name = "cocos2dx Mac";
			targetProxy = 9FD41BE51E2D54490077779E /* PBXContainerItemProxy */;
		};
/* End PBXTargetDependency section */

/* Begin XCBuildConfiguration section */
		1D6058940D05DD3E006BFB54 /* Debug */ = {
			isa = XCBuildConfiguration;
			buildSettings = {
				ALWAYS_SEARCH_USER_PATHS = YES;
				CODE_SIGN_IDENTITY = "iPhone Developer";
				COMPRESS_PNG_FILES = NO;
				ENABLE_BITCODE = NO;
				GCC_DYNAMIC_NO_PIC = NO;
				GCC_INLINES_ARE_PRIVATE_EXTERN = NO;
				GCC_PRECOMPILE_PREFIX_HEADER = YES;
				GCC_PREFIX_HEADER = ios/Prefix.pch;
				GCC_PREPROCESSOR_DEFINITIONS = (
					USE_FILE32API,
					"COCOS2D_DEBUG=1",
					"CC_ENABLE_CHIPMUNK_INTEGRATION=1",
				);
				GCC_SYMBOLS_PRIVATE_EXTERN = NO;
				HEADER_SEARCH_PATHS = "$(inherited)";
				INFOPLIST_FILE = ios/Info.plist;
				IPHONEOS_DEPLOYMENT_TARGET = 8.0;
				LIBRARY_SEARCH_PATHS = "";
				OTHER_LDFLAGS = (
					"$(_COCOS_LIB_IOS_BEGIN)",
					"$(_COCOS_LIB_IOS_END)",
				);
				PRODUCT_BUNDLE_IDENTIFIER = com.memebr.jttw;
				SDKROOT = iphoneos;
				STRIP_PNG_TEXT = NO;
				TARGETED_DEVICE_FAMILY = "1,2";
				USER_HEADER_SEARCH_PATHS = "$(_COCOS_HEADER_IOS_BEGIN) $(_COCOS_HEADER_IOS_END)";
				VALID_ARCHS = "arm64 armv7";
			};
			name = Debug;
		};
		1D6058950D05DD3E006BFB54 /* Release */ = {
			isa = XCBuildConfiguration;
			buildSettings = {
				ALWAYS_SEARCH_USER_PATHS = YES;
				CODE_SIGN_IDENTITY = "iPhone Developer";
				COMPRESS_PNG_FILES = NO;
				ENABLE_BITCODE = NO;
				GCC_INLINES_ARE_PRIVATE_EXTERN = NO;
				GCC_PRECOMPILE_PREFIX_HEADER = YES;
				GCC_PREFIX_HEADER = ios/Prefix.pch;
				GCC_PREPROCESSOR_DEFINITIONS = (
					USE_FILE32API,
					"CC_ENABLE_CHIPMUNK_INTEGRATION=1",
				);
				GCC_SYMBOLS_PRIVATE_EXTERN = NO;
				HEADER_SEARCH_PATHS = "$(inherited)";
				INFOPLIST_FILE = ios/Info.plist;
				IPHONEOS_DEPLOYMENT_TARGET = 8.0;
				LIBRARY_SEARCH_PATHS = "";
				OTHER_LDFLAGS = (
					"$(_COCOS_LIB_IOS_BEGIN)",
					"$(_COCOS_LIB_IOS_END)",
				);
				PRODUCT_BUNDLE_IDENTIFIER = com.memebr.jttw;
				SDKROOT = iphoneos;
				STRIP_PNG_TEXT = NO;
				TARGETED_DEVICE_FAMILY = "1,2";
				USER_HEADER_SEARCH_PATHS = "$(_COCOS_HEADER_IOS_BEGIN) $(_COCOS_HEADER_IOS_END)";
				VALID_ARCHS = "arm64 armv7";
			};
			name = Release;
		};
		5087E76D17EB910900C73F5D /* Debug */ = {
			isa = XCBuildConfiguration;
			buildSettings = {
				ALWAYS_SEARCH_USER_PATHS = YES;
				CLANG_CXX_LANGUAGE_STANDARD = "c++0x";
				CLANG_CXX_LIBRARY = "libc++";
				GCC_DYNAMIC_NO_PIC = NO;
				GCC_INLINES_ARE_PRIVATE_EXTERN = NO;
				GCC_PRECOMPILE_PREFIX_HEADER = YES;
				GCC_PREFIX_HEADER = mac/Prefix.pch;
				GCC_PREPROCESSOR_DEFINITIONS = (
					USE_FILE32API,
					"COCOS2D_DEBUG=1",
					"CC_ENABLE_CHIPMUNK_INTEGRATION=1",
				);
				GCC_SYMBOLS_PRIVATE_EXTERN = NO;
				HEADER_SEARCH_PATHS = (
					"$(inherited)",
					"$(SRCROOT)/../cocos2d/external/glfw3/include/mac",
				);
				INFOPLIST_FILE = mac/Info.plist;
				LIBRARY_SEARCH_PATHS = "";
				OTHER_LDFLAGS = (
					"$(_COCOS_LIB_MAC_BEGIN)",
					"$(_COCOS_LIB_MAC_END)",
				);
				PRODUCT_BUNDLE_IDENTIFIER = com.memebr.jttw;
				USER_HEADER_SEARCH_PATHS = "$(_COCOS_HEADER_MAC_BEGIN) $(_COCOS_HEADER_MAC_END)";
			};
			name = Debug;
		};
		5087E76E17EB910900C73F5D /* Release */ = {
			isa = XCBuildConfiguration;
			buildSettings = {
				ALWAYS_SEARCH_USER_PATHS = YES;
				CLANG_CXX_LANGUAGE_STANDARD = "c++0x";
				CLANG_CXX_LIBRARY = "libc++";
				GCC_INLINES_ARE_PRIVATE_EXTERN = NO;
				GCC_PRECOMPILE_PREFIX_HEADER = YES;
				GCC_PREFIX_HEADER = mac/Prefix.pch;
				GCC_PREPROCESSOR_DEFINITIONS = (
					USE_FILE32API,
					"CC_ENABLE_CHIPMUNK_INTEGRATION=1",
				);
				GCC_SYMBOLS_PRIVATE_EXTERN = NO;
				HEADER_SEARCH_PATHS = (
					"$(inherited)",
					"$(SRCROOT)/../cocos2d/external/glfw3/include/mac",
				);
				INFOPLIST_FILE = mac/Info.plist;
				LIBRARY_SEARCH_PATHS = "";
				OTHER_LDFLAGS = (
					"$(_COCOS_LIB_MAC_BEGIN)",
					"$(_COCOS_LIB_MAC_END)",
				);
				PRODUCT_BUNDLE_IDENTIFIER = com.memebr.jttw;
				USER_HEADER_SEARCH_PATHS = "$(_COCOS_HEADER_MAC_BEGIN) $(_COCOS_HEADER_MAC_END)";
			};
			name = Release;
		};
		9FD41C031E2D54490077779E /* Debug */ = {
			isa = XCBuildConfiguration;
			buildSettings = {
				ALWAYS_SEARCH_USER_PATHS = YES;
				CLANG_CXX_LANGUAGE_STANDARD = "c++0x";
				CLANG_CXX_LIBRARY = "libc++";
				GCC_DYNAMIC_NO_PIC = NO;
				GCC_INLINES_ARE_PRIVATE_EXTERN = NO;
				GCC_PRECOMPILE_PREFIX_HEADER = YES;
				GCC_PREFIX_HEADER = mac/Prefix.pch;
				GCC_PREPROCESSOR_DEFINITIONS = (
					USE_FILE32API,
					"COCOS2D_DEBUG=1",
					"CC_ENABLE_CHIPMUNK_INTEGRATION=1",
				);
				GCC_SYMBOLS_PRIVATE_EXTERN = NO;
				HEADER_SEARCH_PATHS = (
					"$(inherited)",
					"$(SRCROOT)/../cocos2d/external/glfw3/include/mac",
				);
				INFOPLIST_FILE = "JTTW-desktop copy-Info.plist";
				LIBRARY_SEARCH_PATHS = "";
				OTHER_LDFLAGS = (
					"$(_COCOS_LIB_MAC_BEGIN)",
					"$(_COCOS_LIB_MAC_END)",
				);
				PRODUCT_BUNDLE_IDENTIFIER = com.memebr.jttw;
				PRODUCT_NAME = "$(TARGET_NAME)";
				USER_HEADER_SEARCH_PATHS = "$(_COCOS_HEADER_MAC_BEGIN) $(_COCOS_HEADER_MAC_END)";
			};
			name = Debug;
		};
		9FD41C041E2D54490077779E /* Release */ = {
			isa = XCBuildConfiguration;
			buildSettings = {
				ALWAYS_SEARCH_USER_PATHS = YES;
				CLANG_CXX_LANGUAGE_STANDARD = "c++0x";
				CLANG_CXX_LIBRARY = "libc++";
				GCC_INLINES_ARE_PRIVATE_EXTERN = NO;
				GCC_PRECOMPILE_PREFIX_HEADER = YES;
				GCC_PREFIX_HEADER = mac/Prefix.pch;
				GCC_PREPROCESSOR_DEFINITIONS = (
					USE_FILE32API,
					"CC_ENABLE_CHIPMUNK_INTEGRATION=1",
				);
				GCC_SYMBOLS_PRIVATE_EXTERN = NO;
				HEADER_SEARCH_PATHS = (
					"$(inherited)",
					"$(SRCROOT)/../cocos2d/external/glfw3/include/mac",
				);
				INFOPLIST_FILE = "JTTW-desktop copy-Info.plist";
				LIBRARY_SEARCH_PATHS = "";
				OTHER_LDFLAGS = (
					"$(_COCOS_LIB_MAC_BEGIN)",
					"$(_COCOS_LIB_MAC_END)",
				);
				PRODUCT_BUNDLE_IDENTIFIER = com.memebr.jttw;
				PRODUCT_NAME = "$(TARGET_NAME)";
				USER_HEADER_SEARCH_PATHS = "$(_COCOS_HEADER_MAC_BEGIN) $(_COCOS_HEADER_MAC_END)";
			};
			name = Release;
		};
		C01FCF4F08A954540054247B /* Debug */ = {
			isa = XCBuildConfiguration;
			buildSettings = {
				CLANG_CXX_LANGUAGE_STANDARD = "c++0x";
				CLANG_CXX_LIBRARY = "libc++";
				CLANG_WARN_BOOL_CONVERSION = YES;
				CLANG_WARN_CONSTANT_CONVERSION = YES;
				CLANG_WARN_EMPTY_BODY = YES;
				CLANG_WARN_ENUM_CONVERSION = YES;
				CLANG_WARN_INFINITE_RECURSION = YES;
				CLANG_WARN_INT_CONVERSION = YES;
				CLANG_WARN_SUSPICIOUS_MOVE = YES;
				CLANG_WARN_UNREACHABLE_CODE = YES;
				CLANG_WARN__DUPLICATE_METHOD_MATCH = YES;
				COPY_PHASE_STRIP = NO;
				ENABLE_STRICT_OBJC_MSGSEND = YES;
				ENABLE_TESTABILITY = YES;
				GCC_NO_COMMON_BLOCKS = YES;
				GCC_OPTIMIZATION_LEVEL = 0;
				GCC_WARN_64_TO_32_BIT_CONVERSION = YES;
				GCC_WARN_ABOUT_RETURN_TYPE = YES;
				GCC_WARN_UNDECLARED_SELECTOR = YES;
				GCC_WARN_UNINITIALIZED_AUTOS = YES;
				GCC_WARN_UNUSED_FUNCTION = YES;
				GCC_WARN_UNUSED_VARIABLE = YES;
				HEADER_SEARCH_PATHS = (
					"$(SRCROOT)/../cocos2d",
					"$(SRCROOT)/../cocos2d/cocos/audio/include",
					"$(SRCROOT)/../cocos2d/cocos",
					"$(SRCROOT)/../cocos2d/extensions",
					"$(SRCROOT)/../cocos2d/cocos/editor-support/**",
					"$(SRCROOT)/../cocos2d/external",
					"$(SRCROOT)/../cocos2d/external/chipmunk/include/chipmunk",
				);
				IPHONEOS_DEPLOYMENT_TARGET = 8.0;
				MACOSX_DEPLOYMENT_TARGET = 10.7;
				ONLY_ACTIVE_ARCH = YES;
				PRODUCT_NAME = "$(TARGET_NAME)";
				SDKROOT = macosx;
			};
			name = Debug;
		};
		C01FCF5008A954540054247B /* Release */ = {
			isa = XCBuildConfiguration;
			buildSettings = {
				CLANG_CXX_LANGUAGE_STANDARD = "c++0x";
				CLANG_CXX_LIBRARY = "libc++";
				CLANG_WARN_BOOL_CONVERSION = YES;
				CLANG_WARN_CONSTANT_CONVERSION = YES;
				CLANG_WARN_EMPTY_BODY = YES;
				CLANG_WARN_ENUM_CONVERSION = YES;
				CLANG_WARN_INFINITE_RECURSION = YES;
				CLANG_WARN_INT_CONVERSION = YES;
				CLANG_WARN_SUSPICIOUS_MOVE = YES;
				CLANG_WARN_UNREACHABLE_CODE = YES;
				CLANG_WARN__DUPLICATE_METHOD_MATCH = YES;
				ENABLE_STRICT_OBJC_MSGSEND = YES;
				GCC_NO_COMMON_BLOCKS = YES;
				GCC_WARN_64_TO_32_BIT_CONVERSION = YES;
				GCC_WARN_ABOUT_RETURN_TYPE = YES;
				GCC_WARN_UNDECLARED_SELECTOR = YES;
				GCC_WARN_UNINITIALIZED_AUTOS = YES;
				GCC_WARN_UNUSED_FUNCTION = YES;
				GCC_WARN_UNUSED_VARIABLE = YES;
				HEADER_SEARCH_PATHS = (
					"$(SRCROOT)/../cocos2d",
					"$(SRCROOT)/../cocos2d/cocos/audio/include",
					"$(SRCROOT)/../cocos2d/cocos",
					"$(SRCROOT)/../cocos2d/extensions",
					"$(SRCROOT)/../cocos2d/external",
					"$(SRCROOT)/../cocos2d/external/chipmunk/include/chipmunk",
				);
				IPHONEOS_DEPLOYMENT_TARGET = 8.0;
				MACOSX_DEPLOYMENT_TARGET = 10.7;
				OTHER_CFLAGS = "-DNS_BLOCK_ASSERTIONS=1";
				PRODUCT_NAME = "$(TARGET_NAME)";
				SDKROOT = macosx;
				VALIDATE_PRODUCT = YES;
			};
			name = Release;
		};
/* End XCBuildConfiguration section */

/* Begin XCConfigurationList section */
		1D6058960D05DD3E006BFB54 /* Build configuration list for PBXNativeTarget "JTTW-mobile" */ = {
			isa = XCConfigurationList;
			buildConfigurations = (
				1D6058940D05DD3E006BFB54 /* Debug */,
				1D6058950D05DD3E006BFB54 /* Release */,
			);
			defaultConfigurationIsVisible = 0;
			defaultConfigurationName = Debug;
		};
		5087E76C17EB910900C73F5D /* Build configuration list for PBXNativeTarget "JTTW-desktop" */ = {
			isa = XCConfigurationList;
			buildConfigurations = (
				5087E76D17EB910900C73F5D /* Debug */,
				5087E76E17EB910900C73F5D /* Release */,
			);
			defaultConfigurationIsVisible = 0;
			defaultConfigurationName = Debug;
		};
		9FD41C021E2D54490077779E /* Build configuration list for PBXNativeTarget "JTTW-desktop-tests" */ = {
			isa = XCConfigurationList;
			buildConfigurations = (
				9FD41C031E2D54490077779E /* Debug */,
				9FD41C041E2D54490077779E /* Release */,
			);
			defaultConfigurationIsVisible = 0;
			defaultConfigurationName = Debug;
		};
		C01FCF4E08A954540054247B /* Build configuration list for PBXProject "JTTW" */ = {
			isa = XCConfigurationList;
			buildConfigurations = (
				C01FCF4F08A954540054247B /* Debug */,
				C01FCF5008A954540054247B /* Release */,
			);
			defaultConfigurationIsVisible = 0;
			defaultConfigurationName = Debug;
		};
/* End XCConfigurationList section */
	};
	rootObject = 29B97313FDCFA39411CA2CEA /* Project object */;
}
